{
  "version": 4,
  "terraform_version": "1.5.7",
  "serial": 54,
  "lineage": "ec3428e9-190c-7c84-4e55-f46b1c7d87c3",
  "outputs": {},
  "resources": [
    {
      "mode": "data",
      "type": "google_client_config",
      "name": "default",
      "provider": "provider[\"registry.terraform.io/hashicorp/google\"]",
      "instances": [
        {
          "schema_version": 0,
          "attributes": {
            "access_token": "ya29.a0AZYkNZi71ZwFBLrkHipYL4NkLYArifqNDw5-fUPc01jyK-FqaoGXMvr5hFzWm24IRFN99SAYa25ifDaZGjYqpTbc8KxnD5ivQJutXmt-tandHLSvfDukKzT1-bJwyXYRhVRyYYtv6RdYuGuyZvE186pZ_q08vZFoRfJbb6xu0gaCgYKAakSARMSFQHGX2MivBdsWQMBD-GPuTiILk-9YA0177",
            "default_labels": {},
            "id": "projects/mattia-dev-2025/regions/europe-west1/zones/",
            "project": "mattia-dev-2025",
            "region": "europe-west1",
            "zone": ""
          },
          "sensitive_attributes": []
        }
      ]
    },
    {
      "mode": "data",
      "type": "google_container_cluster",
      "name": "gke",
      "provider": "provider[\"registry.terraform.io/hashicorp/google\"]",
      "instances": [
        {
          "schema_version": 0,
          "attributes": {
            "addons_config": [
              {
                "cloudrun_config": [],
                "config_connector_config": [],
                "dns_cache_config": [
                  {
                    "enabled": true
                  }
                ],
                "gce_persistent_disk_csi_driver_config": [
                  {
                    "enabled": true
                  }
                ],
                "gcp_filestore_csi_driver_config": [
                  {
                    "enabled": true
                  }
                ],
                "gcs_fuse_csi_driver_config": [
                  {
                    "enabled": true
                  }
                ],
                "gke_backup_agent_config": [],
                "horizontal_pod_autoscaling": [],
                "http_load_balancing": [],
                "network_policy_config": [
                  {
                    "disabled": true
                  }
                ],
                "parallelstore_csi_driver_config": [
                  {
                    "enabled": true
                  }
                ],
                "ray_operator_config": [],
                "stateful_ha_config": [
                  {
                    "enabled": true
                  }
                ]
              }
            ],
            "allow_net_admin": null,
            "authenticator_groups_config": [],
            "binary_authorization": [
              {
                "enabled": false,
                "evaluation_mode": ""
              }
            ],
            "cluster_autoscaling": [
              {
                "auto_provisioning_defaults": [
                  {
                    "boot_disk_kms_key": "",
                    "disk_size": 0,
                    "disk_type": "",
                    "image_type": "COS_CONTAINERD",
                    "management": [
                      {
                        "auto_repair": true,
                        "auto_upgrade": true,
                        "upgrade_options": []
                      }
                    ],
                    "min_cpu_platform": "",
                    "oauth_scopes": [
                      "https://www.googleapis.com/auth/devstorage.read_only",
                      "https://www.googleapis.com/auth/logging.write",
                      "https://www.googleapis.com/auth/monitoring",
                      "https://www.googleapis.com/auth/service.management.readonly",
                      "https://www.googleapis.com/auth/servicecontrol",
                      "https://www.googleapis.com/auth/trace.append"
                    ],
                    "service_account": "default",
                    "shielded_instance_config": [],
                    "upgrade_settings": [
                      {
                        "blue_green_settings": [],
                        "max_surge": 1,
                        "max_unavailable": 0,
                        "strategy": "SURGE"
                      }
                    ]
                  }
                ],
                "auto_provisioning_locations": [],
                "autoscaling_profile": "OPTIMIZE_UTILIZATION",
                "enabled": true,
                "resource_limits": [
                  {
                    "maximum": 1000000000,
                    "minimum": 0,
                    "resource_type": "cpu"
                  },
                  {
                    "maximum": 1000000000,
                    "minimum": 0,
                    "resource_type": "memory"
                  },
                  {
                    "maximum": 1000000000,
                    "minimum": 0,
                    "resource_type": "nvidia-tesla-t4"
                  },
                  {
                    "maximum": 1000000000,
                    "minimum": 0,
                    "resource_type": "nvidia-tesla-a100"
                  }
                ]
              }
            ],
            "cluster_ipv4_cidr": "10.6.128.0/17",
            "confidential_nodes": [],
            "control_plane_endpoints_config": [
              {
                "dns_endpoint_config": [
                  {
                    "allow_external_traffic": false,
                    "endpoint": "gke-d505cde9fc23481791bb0ccd0bfd3eef3669-1019934558367.europe-west1.gke.goog"
                  }
                ],
                "ip_endpoints_config": [
                  {
                    "enabled": true
                  }
                ]
              }
            ],
            "cost_management_config": [],
            "database_encryption": [
              {
                "key_name": "",
                "state": "DECRYPTED"
              }
            ],
            "datapath_provider": "ADVANCED_DATAPATH",
            "default_max_pods_per_node": 110,
            "default_snat_status": [
              {
                "disabled": false
              }
            ],
            "deletion_protection": null,
            "description": "",
            "disable_l4_lb_firewall_reconciliation": false,
            "dns_config": [
              {
                "additive_vpc_scope_dns_domain": "",
                "cluster_dns": "CLOUD_DNS",
                "cluster_dns_domain": "cluster.local",
                "cluster_dns_scope": "CLUSTER_SCOPE"
              }
            ],
            "effective_labels": {
              "goog-terraform-provisioned": "true"
            },
            "enable_autopilot": true,
            "enable_cilium_clusterwide_network_policy": false,
            "enable_fqdn_network_policy": false,
            "enable_intranode_visibility": true,
            "enable_k8s_beta_apis": [],
            "enable_kubernetes_alpha": false,
            "enable_l4_ilb_subsetting": false,
            "enable_legacy_abac": false,
            "enable_multi_networking": false,
            "enable_shielded_nodes": true,
            "enable_tpu": false,
            "endpoint": "35.187.92.192",
            "enterprise_config": [
              {
                "cluster_tier": "STANDARD",
                "desired_tier": ""
              }
            ],
            "fleet": [],
            "gateway_api_config": [
              {
                "channel": "CHANNEL_STANDARD"
              }
            ],
            "id": "projects/mattia-dev-2025/locations/europe-west1/clusters/finbot-cluster",
            "identity_service_config": [],
            "initial_node_count": 0,
            "ip_allocation_policy": [
              {
                "additional_pod_ranges_config": [],
                "cluster_ipv4_cidr_block": "10.6.128.0/17",
                "cluster_secondary_range_name": "gke-finbot-cluster-pods-d505cde9",
                "pod_cidr_overprovision_config": [
                  {
                    "disabled": false
                  }
                ],
                "services_ipv4_cidr_block": "34.118.224.0/20",
                "services_secondary_range_name": "",
                "stack_type": "IPV4"
              }
            ],
            "label_fingerprint": "78cdf2f6",
            "location": "europe-west1",
            "logging_config": [
              {
                "enable_components": [
                  "SYSTEM_COMPONENTS",
                  "WORKLOADS"
                ]
              }
            ],
            "logging_service": "logging.googleapis.com/kubernetes",
            "maintenance_policy": [],
            "master_auth": [
              {
                "client_certificate": "",
                "client_certificate_config": [
                  {
                    "issue_client_certificate": false
                  }
                ],
                "client_key": "",
                "cluster_ca_certificate": "LS0tLS1CRUdJTiBDRVJUSUZJQ0FURS0tLS0tCk1JSUVMVENDQXBXZ0F3SUJBZ0lSQVBLazFNRWtpTkV4bjY3dnV6MmhUQm93RFFZSktvWklodmNOQVFFTEJRQXcKTHpFdE1Dc0dBMVVFQXhNa056TmlPRGhoWm1NdFpEaG1OeTAwWkdJNExUaGlOVGN0TURNMU0yVTVaREJoTkRRMwpNQ0FYRFRJMU1EUXhNVEUxTlRrd01Gb1lEekl3TlRVd05EQTBNVFkxT1RBd1dqQXZNUzB3S3dZRFZRUURFeVEzCk0ySTRPR0ZtWXkxa09HWTNMVFJrWWpndE9HSTFOeTB3TXpVelpUbGtNR0UwTkRjd2dnR2lNQTBHQ1NxR1NJYjMKRFFFQkFRVUFBNElCandBd2dnR0tBb0lCZ1FDNjRFcjR1M2hsSlJrWWFzYnBxc3g0c0N1QjRETUJzWWh6b0tISQp1MS9vRU91Rm4yRURMUElGViszbUhvMjJnK1o0aEtURFd4ZS8rWGdXM0g4K1UwRmo1c003V2crZmIwMHl2YXp0CnJrakpOVmdIakkvR015aTN0LzFsMGJGK3V1TnpxNXZ0SG5JREhrZ0QwMnRFdWdzTUd3YWRmMDhHeFl1TXVXazQKWjArU3UwMXRQSSt4ZGN6eFZYMjBJTmFHUTF1Y3BPK0NQOXF0T0RoRmxNc2VHWVpELzd4ZWlTZjlOWTh2a1ovbwptSklLTktqUHFySjZlVjM4am03SXkvdXRkQTVCaXlJclhWYXF4ZXBPdjA2VzNjenhrQXV4eFlIdllVeUJjc3JECmQ3N0hMVXl6Nmd5ZDMrZkdYaVBoNFRrMVl5RlZ5Ym1LeXBuMy9sN1lQR293MWlFMzVOcGx0dkxnZEErTEpiMCsKYWxKWTU2dnd0d2hMWURrOS9qWU9wcGhTTExIR21rNDBicG9zQVU3aVFheW1qeGZlQzVpRksva2U5dUhFQkhueApXTWszUkhMdGZpVEVWc0VhZ28xSkVKdHVwOVp4M1dGcW5LTW5uTmdSZy9JQlpRV3BYNVJzeTdiZ2l5cms3aGRDCjZKY01tR202UlRpTDRhK3pWTStMM2NxYWJSTUNBd0VBQWFOQ01FQXdEZ1lEVlIwUEFRSC9CQVFEQWdJRU1BOEcKQTFVZEV3RUIvd1FGTUFNQkFmOHdIUVlEVlIwT0JCWUVGQlFoRGdFZVAzZk9lcTF0dE13VDlDbjErZ3EvTUEwRwpDU3FHU0liM0RRRUJDd1VBQTRJQmdRQmRsK1B3RmxzRSszdHRobXNtZDlIbFphQjZjdWpONW0xaFZPdy9yQ09QCnFpbjJHR1VDcDJYVmU4S1hhWWVzUnc4QkdLTDUxMHVkZ3kwb0VPU2dIWmJyZzY5Z0pPMTJJRmhXQ3NDUjdmS0IKUXlzUVF1OTdxRUE1RXVHNSt5cWxjenJaWTNaK0xUVm5aK0xaekI4STkzTEpNOUZxWjhhRmVwQ2txY0doeUduYQpJbmdDcU9JVklPVGZLZjl3L2EzaUF2NCtaclJtejF0dHN3QVZOcFhBNG42OFlwNE9VZ0xHdkxtQnd3dzhNWU1GClF0L0dkMjZvM3pEVDEzUnNSbFpMajA0MUpSMUQ5TmVWQ2ZNM0NLZXZpZ3lMZHhJRUhPekE3ZFpsbk92all4VGsKT3dhOUJabXNQemU4YXVCd1hXTmRzVlYyK2dWTjNyUHdLbkN3QUxuK2VQQlZ4RFl0WGREKzVlbnh2Y0hhR1NVUApRWHcyaldQTFhMVWIrRmY1OVBGVmZUTkVOUTE1empUYnIwZHZNekl6Nmp6YmhNT1lHSEpjZHdITHJDVjJuL0E3Cm1GNWJhRk5vVU5wNEwvWWtyM2Zxa0VuNll5VWhiMzRkU1hiZ1UzcjIzR2pqYjZZVlFuNE9ISUlCdWJrbEVobEoKTGJ5ZUF1SG5Oc3pJbnBLb0hENC9tK3M9Ci0tLS0tRU5EIENFUlRJRklDQVRFLS0tLS0K"
              }
            ],
            "master_authorized_networks_config": [],
            "master_version": "1.31.6-gke.1020000",
            "mesh_certificates": [],
            "min_master_version": null,
            "monitoring_config": [
              {
                "advanced_datapath_observability_config": [
                  {
                    "enable_metrics": true,
                    "enable_relay": false
                  }
                ],
                "enable_components": [
                  "SYSTEM_COMPONENTS",
                  "STORAGE",
                  "HPA",
                  "POD",
                  "DAEMONSET",
                  "DEPLOYMENT",
                  "STATEFULSET",
                  "CADVISOR",
                  "KUBELET"
                ],
                "managed_prometheus": [
                  {
                    "auto_monitoring_config": [],
                    "enabled": true
                  }
                ]
              }
            ],
            "monitoring_service": "monitoring.googleapis.com/kubernetes",
            "name": "finbot-cluster",
            "network": "projects/mattia-dev-2025/global/networks/default",
            "network_policy": [
              {
                "enabled": false,
                "provider": "PROVIDER_UNSPECIFIED"
              }
            ],
            "networking_mode": "VPC_NATIVE",
            "node_config": [
              {
                "advanced_machine_features": [],
                "boot_disk_kms_key": "",
                "confidential_nodes": [],
                "containerd_config": [],
                "disk_size_gb": 100,
                "disk_type": "pd-balanced",
                "effective_taints": [
                  {
                    "effect": "NO_SCHEDULE",
                    "key": "cloud.google.com/gke-quick-remove",
                    "value": "true"
                  }
                ],
                "enable_confidential_storage": false,
                "ephemeral_storage_local_ssd_config": [],
                "fast_socket": [],
                "gcfs_config": [],
                "guest_accelerator": [],
                "gvnic": [
                  {
                    "enabled": true
                  }
                ],
                "host_maintenance_policy": [],
                "image_type": "COS_CONTAINERD",
                "kubelet_config": [
                  {
                    "allowed_unsafe_sysctls": [],
                    "container_log_max_files": 0,
                    "container_log_max_size": "",
                    "cpu_cfs_quota": false,
                    "cpu_cfs_quota_period": "",
                    "cpu_manager_policy": "",
                    "image_gc_high_threshold_percent": 0,
                    "image_gc_low_threshold_percent": 0,
                    "image_maximum_gc_age": "",
                    "image_minimum_gc_age": "",
                    "insecure_kubelet_readonly_port_enabled": "TRUE",
                    "pod_pids_limit": 0
                  }
                ],
                "labels": {},
                "linux_node_config": [],
                "local_nvme_ssd_block_config": [],
                "local_ssd_count": 0,
                "local_ssd_encryption_mode": "",
                "logging_variant": "DEFAULT",
                "machine_type": "e2-small",
                "max_run_duration": "",
                "metadata": {
                  "disable-legacy-endpoints": "true"
                },
                "min_cpu_platform": "",
                "node_group": "",
                "oauth_scopes": [
                  "https://www.googleapis.com/auth/devstorage.read_only",
                  "https://www.googleapis.com/auth/logging.write",
                  "https://www.googleapis.com/auth/monitoring",
                  "https://www.googleapis.com/auth/service.management.readonly",
                  "https://www.googleapis.com/auth/servicecontrol",
                  "https://www.googleapis.com/auth/trace.append"
                ],
                "preemptible": false,
                "reservation_affinity": [
                  {
                    "consume_reservation_type": "NO_RESERVATION",
                    "key": "",
                    "values": []
                  }
                ],
                "resource_labels": {
                  "goog-gke-node-pool-provisioning-model": "on-demand"
                },
                "resource_manager_tags": {},
                "secondary_boot_disks": [],
                "service_account": "default",
                "shielded_instance_config": [
                  {
                    "enable_integrity_monitoring": true,
                    "enable_secure_boot": true
                  }
                ],
                "sole_tenant_config": [],
                "spot": false,
                "storage_pools": [],
                "tags": [],
                "taint": [],
                "windows_node_config": [
                  {
                    "osversion": ""
                  }
                ],
                "workload_metadata_config": [
                  {
                    "mode": "GKE_METADATA"
                  }
                ]
              }
            ],
            "node_locations": [
              "europe-west1-b",
              "europe-west1-c",
              "europe-west1-d"
            ],
            "node_pool": [
              {
                "autoscaling": [
                  {
                    "location_policy": "BALANCED",
                    "max_node_count": 1000,
                    "min_node_count": 0,
                    "total_max_node_count": 0,
                    "total_min_node_count": 0
                  }
                ],
                "initial_node_count": 1,
                "instance_group_urls": [],
                "managed_instance_group_urls": [],
                "management": [
                  {
                    "auto_repair": true,
                    "auto_upgrade": true
                  }
                ],
                "max_pods_per_node": 32,
                "name": "default-pool",
                "name_prefix": "",
                "network_config": [
                  {
                    "additional_node_network_configs": [],
                    "additional_pod_network_configs": [],
                    "create_pod_range": false,
                    "enable_private_nodes": false,
                    "network_performance_config": [],
                    "pod_cidr_overprovision_config": [],
                    "pod_ipv4_cidr_block": "10.6.128.0/17",
                    "pod_range": "gke-finbot-cluster-pods-d505cde9"
                  }
                ],
                "node_config": [
                  {
                    "advanced_machine_features": [],
                    "boot_disk_kms_key": "",
                    "confidential_nodes": [],
                    "containerd_config": [],
                    "disk_size_gb": 100,
                    "disk_type": "pd-balanced",
                    "effective_taints": [
                      {
                        "effect": "NO_SCHEDULE",
                        "key": "cloud.google.com/gke-quick-remove",
                        "value": "true"
                      }
                    ],
                    "enable_confidential_storage": false,
                    "ephemeral_storage_local_ssd_config": [],
                    "fast_socket": [],
                    "gcfs_config": [],
                    "guest_accelerator": [],
                    "gvnic": [
                      {
                        "enabled": true
                      }
                    ],
                    "host_maintenance_policy": [],
                    "image_type": "COS_CONTAINERD",
                    "kubelet_config": [
                      {
                        "allowed_unsafe_sysctls": [],
                        "container_log_max_files": 0,
                        "container_log_max_size": "",
                        "cpu_cfs_quota": false,
                        "cpu_cfs_quota_period": "",
                        "cpu_manager_policy": "",
                        "image_gc_high_threshold_percent": 0,
                        "image_gc_low_threshold_percent": 0,
                        "image_maximum_gc_age": "",
                        "image_minimum_gc_age": "",
                        "insecure_kubelet_readonly_port_enabled": "TRUE",
                        "pod_pids_limit": 0
                      }
                    ],
                    "labels": {},
                    "linux_node_config": [],
                    "local_nvme_ssd_block_config": [],
                    "local_ssd_count": 0,
                    "local_ssd_encryption_mode": "",
                    "logging_variant": "DEFAULT",
                    "machine_type": "e2-small",
                    "max_run_duration": "",
                    "metadata": {
                      "disable-legacy-endpoints": "true"
                    },
                    "min_cpu_platform": "",
                    "node_group": "",
                    "oauth_scopes": [
                      "https://www.googleapis.com/auth/devstorage.read_only",
                      "https://www.googleapis.com/auth/logging.write",
                      "https://www.googleapis.com/auth/monitoring",
                      "https://www.googleapis.com/auth/service.management.readonly",
                      "https://www.googleapis.com/auth/servicecontrol",
                      "https://www.googleapis.com/auth/trace.append"
                    ],
                    "preemptible": false,
                    "reservation_affinity": [
                      {
                        "consume_reservation_type": "NO_RESERVATION",
                        "key": "",
                        "values": []
                      }
                    ],
                    "resource_labels": {
                      "goog-gke-node-pool-provisioning-model": "on-demand"
                    },
                    "resource_manager_tags": {},
                    "secondary_boot_disks": [],
                    "service_account": "default",
                    "shielded_instance_config": [
                      {
                        "enable_integrity_monitoring": true,
                        "enable_secure_boot": true
                      }
                    ],
                    "sole_tenant_config": [],
                    "spot": false,
                    "storage_pools": [],
                    "tags": [],
                    "taint": [],
                    "windows_node_config": [
                      {
                        "osversion": ""
                      }
                    ],
                    "workload_metadata_config": [
                      {
                        "mode": "GKE_METADATA"
                      }
                    ]
                  }
                ],
                "node_count": 0,
                "node_locations": [
                  "europe-west1-c"
                ],
                "placement_policy": [],
                "queued_provisioning": [],
                "upgrade_settings": [
                  {
                    "blue_green_settings": [],
                    "max_surge": 1,
                    "max_unavailable": 0,
                    "strategy": "SURGE"
                  }
                ],
                "version": "1.31.6-gke.1020000"
              },
              {
                "autoscaling": [
                  {
                    "location_policy": "BALANCED",
                    "max_node_count": 1000,
                    "min_node_count": 0,
                    "total_max_node_count": 0,
                    "total_min_node_count": 0
                  }
                ],
                "initial_node_count": 0,
                "instance_group_urls": [],
                "managed_instance_group_urls": [],
                "management": [
                  {
                    "auto_repair": true,
                    "auto_upgrade": true
                  }
                ],
                "max_pods_per_node": 32,
                "name": "pool-1",
                "name_prefix": "",
                "network_config": [
                  {
                    "additional_node_network_configs": [],
                    "additional_pod_network_configs": [],
                    "create_pod_range": false,
                    "enable_private_nodes": false,
                    "network_performance_config": [],
                    "pod_cidr_overprovision_config": [],
                    "pod_ipv4_cidr_block": "10.6.128.0/17",
                    "pod_range": "gke-finbot-cluster-pods-d505cde9"
                  }
                ],
                "node_config": [
                  {
                    "advanced_machine_features": [],
                    "boot_disk_kms_key": "",
                    "confidential_nodes": [],
                    "containerd_config": [],
                    "disk_size_gb": 100,
                    "disk_type": "pd-balanced",
                    "effective_taints": [],
                    "enable_confidential_storage": false,
                    "ephemeral_storage_local_ssd_config": [],
                    "fast_socket": [],
                    "gcfs_config": [],
                    "guest_accelerator": [],
                    "gvnic": [
                      {
                        "enabled": true
                      }
                    ],
                    "host_maintenance_policy": [],
                    "image_type": "COS_CONTAINERD",
                    "kubelet_config": [
                      {
                        "allowed_unsafe_sysctls": [],
                        "container_log_max_files": 0,
                        "container_log_max_size": "",
                        "cpu_cfs_quota": false,
                        "cpu_cfs_quota_period": "",
                        "cpu_manager_policy": "",
                        "image_gc_high_threshold_percent": 0,
                        "image_gc_low_threshold_percent": 0,
                        "image_maximum_gc_age": "",
                        "image_minimum_gc_age": "",
                        "insecure_kubelet_readonly_port_enabled": "TRUE",
                        "pod_pids_limit": 0
                      }
                    ],
                    "labels": {},
                    "linux_node_config": [],
                    "local_nvme_ssd_block_config": [],
                    "local_ssd_count": 0,
                    "local_ssd_encryption_mode": "",
                    "logging_variant": "DEFAULT",
                    "machine_type": "e2-medium",
                    "max_run_duration": "",
                    "metadata": {
                      "disable-legacy-endpoints": "true"
                    },
                    "min_cpu_platform": "",
                    "node_group": "",
                    "oauth_scopes": [
                      "https://www.googleapis.com/auth/devstorage.read_only",
                      "https://www.googleapis.com/auth/logging.write",
                      "https://www.googleapis.com/auth/monitoring",
                      "https://www.googleapis.com/auth/service.management.readonly",
                      "https://www.googleapis.com/auth/servicecontrol",
                      "https://www.googleapis.com/auth/trace.append"
                    ],
                    "preemptible": false,
                    "reservation_affinity": [
                      {
                        "consume_reservation_type": "NO_RESERVATION",
                        "key": "",
                        "values": []
                      }
                    ],
                    "resource_labels": {
                      "goog-gke-node-pool-provisioning-model": "on-demand"
                    },
                    "resource_manager_tags": {},
                    "secondary_boot_disks": [],
                    "service_account": "default",
                    "shielded_instance_config": [
                      {
                        "enable_integrity_monitoring": true,
                        "enable_secure_boot": true
                      }
                    ],
                    "sole_tenant_config": [],
                    "spot": false,
                    "storage_pools": [],
                    "tags": [],
                    "taint": [],
                    "windows_node_config": [
                      {
                        "osversion": ""
                      }
                    ],
                    "workload_metadata_config": [
                      {
                        "mode": "GKE_METADATA"
                      }
                    ]
                  }
                ],
                "node_count": 0,
                "node_locations": [
                  "europe-west1-b",
                  "europe-west1-c",
                  "europe-west1-d"
                ],
                "placement_policy": [],
                "queued_provisioning": [],
                "upgrade_settings": [
                  {
                    "blue_green_settings": [],
                    "max_surge": 1,
                    "max_unavailable": 0,
                    "strategy": "SURGE"
                  }
                ],
                "version": "1.31.6-gke.1020000"
              },
              {
                "autoscaling": [
                  {
                    "location_policy": "BALANCED",
                    "max_node_count": 1000,
                    "min_node_count": 0,
                    "total_max_node_count": 0,
                    "total_min_node_count": 0
                  }
                ],
                "initial_node_count": 0,
                "instance_group_urls": [],
                "managed_instance_group_urls": [],
                "management": [
                  {
                    "auto_repair": true,
                    "auto_upgrade": true
                  }
                ],
                "max_pods_per_node": 32,
                "name": "pool-2",
                "name_prefix": "",
                "network_config": [
                  {
                    "additional_node_network_configs": [],
                    "additional_pod_network_configs": [],
                    "create_pod_range": false,
                    "enable_private_nodes": false,
                    "network_performance_config": [],
                    "pod_cidr_overprovision_config": [],
                    "pod_ipv4_cidr_block": "10.6.128.0/17",
                    "pod_range": "gke-finbot-cluster-pods-d505cde9"
                  }
                ],
                "node_config": [
                  {
                    "advanced_machine_features": [],
                    "boot_disk_kms_key": "",
                    "confidential_nodes": [],
                    "containerd_config": [],
                    "disk_size_gb": 100,
                    "disk_type": "pd-balanced",
                    "effective_taints": [],
                    "enable_confidential_storage": false,
                    "ephemeral_storage_local_ssd_config": [],
                    "fast_socket": [],
                    "gcfs_config": [],
                    "guest_accelerator": [],
                    "gvnic": [
                      {
                        "enabled": true
                      }
                    ],
                    "host_maintenance_policy": [],
                    "image_type": "COS_CONTAINERD",
                    "kubelet_config": [
                      {
                        "allowed_unsafe_sysctls": [],
                        "container_log_max_files": 0,
                        "container_log_max_size": "",
                        "cpu_cfs_quota": false,
                        "cpu_cfs_quota_period": "",
                        "cpu_manager_policy": "",
                        "image_gc_high_threshold_percent": 0,
                        "image_gc_low_threshold_percent": 0,
                        "image_maximum_gc_age": "",
                        "image_minimum_gc_age": "",
                        "insecure_kubelet_readonly_port_enabled": "TRUE",
                        "pod_pids_limit": 0
                      }
                    ],
                    "labels": {},
                    "linux_node_config": [],
                    "local_nvme_ssd_block_config": [],
                    "local_ssd_count": 0,
                    "local_ssd_encryption_mode": "",
                    "logging_variant": "DEFAULT",
                    "machine_type": "e2-standard-2",
                    "max_run_duration": "",
                    "metadata": {
                      "disable-legacy-endpoints": "true"
                    },
                    "min_cpu_platform": "",
                    "node_group": "",
                    "oauth_scopes": [
                      "https://www.googleapis.com/auth/devstorage.read_only",
                      "https://www.googleapis.com/auth/logging.write",
                      "https://www.googleapis.com/auth/monitoring",
                      "https://www.googleapis.com/auth/service.management.readonly",
                      "https://www.googleapis.com/auth/servicecontrol",
                      "https://www.googleapis.com/auth/trace.append"
                    ],
                    "preemptible": false,
                    "reservation_affinity": [
                      {
                        "consume_reservation_type": "NO_RESERVATION",
                        "key": "",
                        "values": []
                      }
                    ],
                    "resource_labels": {
                      "goog-gke-node-pool-provisioning-model": "on-demand"
                    },
                    "resource_manager_tags": {},
                    "secondary_boot_disks": [],
                    "service_account": "default",
                    "shielded_instance_config": [
                      {
                        "enable_integrity_monitoring": true,
                        "enable_secure_boot": true
                      }
                    ],
                    "sole_tenant_config": [],
                    "spot": false,
                    "storage_pools": [],
                    "tags": [],
                    "taint": [],
                    "windows_node_config": [
                      {
                        "osversion": ""
                      }
                    ],
                    "workload_metadata_config": [
                      {
                        "mode": "GKE_METADATA"
                      }
                    ]
                  }
                ],
                "node_count": 0,
                "node_locations": [
                  "europe-west1-b",
                  "europe-west1-c",
                  "europe-west1-d"
                ],
                "placement_policy": [],
                "queued_provisioning": [],
                "upgrade_settings": [
                  {
                    "blue_green_settings": [],
                    "max_surge": 1,
                    "max_unavailable": 0,
                    "strategy": "SURGE"
                  }
                ],
                "version": "1.31.6-gke.1020000"
              },
              {
                "autoscaling": [
                  {
                    "location_policy": "BALANCED",
                    "max_node_count": 1000,
                    "min_node_count": 0,
                    "total_max_node_count": 0,
                    "total_min_node_count": 0
                  }
                ],
                "initial_node_count": 0,
                "instance_group_urls": [],
                "managed_instance_group_urls": [],
                "management": [
                  {
                    "auto_repair": true,
                    "auto_upgrade": true
                  }
                ],
                "max_pods_per_node": 32,
                "name": "pool-3",
                "name_prefix": "",
                "network_config": [
                  {
                    "additional_node_network_configs": [],
                    "additional_pod_network_configs": [],
                    "create_pod_range": false,
                    "enable_private_nodes": false,
                    "network_performance_config": [],
                    "pod_cidr_overprovision_config": [],
                    "pod_ipv4_cidr_block": "10.6.128.0/17",
                    "pod_range": "gke-finbot-cluster-pods-d505cde9"
                  }
                ],
                "node_config": [
                  {
                    "advanced_machine_features": [],
                    "boot_disk_kms_key": "",
                    "confidential_nodes": [],
                    "containerd_config": [],
                    "disk_size_gb": 100,
                    "disk_type": "pd-balanced",
                    "effective_taints": [],
                    "enable_confidential_storage": false,
                    "ephemeral_storage_local_ssd_config": [],
                    "fast_socket": [],
                    "gcfs_config": [],
                    "guest_accelerator": [],
                    "gvnic": [
                      {
                        "enabled": true
                      }
                    ],
                    "host_maintenance_policy": [],
                    "image_type": "COS_CONTAINERD",
                    "kubelet_config": [
                      {
                        "allowed_unsafe_sysctls": [],
                        "container_log_max_files": 0,
                        "container_log_max_size": "",
                        "cpu_cfs_quota": false,
                        "cpu_cfs_quota_period": "",
                        "cpu_manager_policy": "",
                        "image_gc_high_threshold_percent": 0,
                        "image_gc_low_threshold_percent": 0,
                        "image_maximum_gc_age": "",
                        "image_minimum_gc_age": "",
                        "insecure_kubelet_readonly_port_enabled": "TRUE",
                        "pod_pids_limit": 0
                      }
                    ],
                    "labels": {},
                    "linux_node_config": [],
                    "local_nvme_ssd_block_config": [],
                    "local_ssd_count": 0,
                    "local_ssd_encryption_mode": "",
                    "logging_variant": "DEFAULT",
                    "machine_type": "e2-standard-4",
                    "max_run_duration": "",
                    "metadata": {
                      "disable-legacy-endpoints": "true"
                    },
                    "min_cpu_platform": "",
                    "node_group": "",
                    "oauth_scopes": [
                      "https://www.googleapis.com/auth/devstorage.read_only",
                      "https://www.googleapis.com/auth/logging.write",
                      "https://www.googleapis.com/auth/monitoring",
                      "https://www.googleapis.com/auth/service.management.readonly",
                      "https://www.googleapis.com/auth/servicecontrol",
                      "https://www.googleapis.com/auth/trace.append"
                    ],
                    "preemptible": false,
                    "reservation_affinity": [
                      {
                        "consume_reservation_type": "NO_RESERVATION",
                        "key": "",
                        "values": []
                      }
                    ],
                    "resource_labels": {
                      "goog-gke-node-pool-provisioning-model": "on-demand"
                    },
                    "resource_manager_tags": {},
                    "secondary_boot_disks": [],
                    "service_account": "default",
                    "shielded_instance_config": [
                      {
                        "enable_integrity_monitoring": true,
                        "enable_secure_boot": true
                      }
                    ],
                    "sole_tenant_config": [],
                    "spot": false,
                    "storage_pools": [],
                    "tags": [],
                    "taint": [],
                    "windows_node_config": [
                      {
                        "osversion": ""
                      }
                    ],
                    "workload_metadata_config": [
                      {
                        "mode": "GKE_METADATA"
                      }
                    ]
                  }
                ],
                "node_count": 0,
                "node_locations": [
                  "europe-west1-b",
                  "europe-west1-c",
                  "europe-west1-d"
                ],
                "placement_policy": [],
                "queued_provisioning": [],
                "upgrade_settings": [
                  {
                    "blue_green_settings": [],
                    "max_surge": 1,
                    "max_unavailable": 0,
                    "strategy": "SURGE"
                  }
                ],
                "version": "1.31.6-gke.1020000"
              },
              {
                "autoscaling": [
                  {
                    "location_policy": "BALANCED",
                    "max_node_count": 1000,
                    "min_node_count": 0,
                    "total_max_node_count": 0,
                    "total_min_node_count": 0
                  }
                ],
                "initial_node_count": 0,
                "instance_group_urls": [],
                "managed_instance_group_urls": [],
                "management": [
                  {
                    "auto_repair": true,
                    "auto_upgrade": true
                  }
                ],
                "max_pods_per_node": 32,
                "name": "pool-4",
                "name_prefix": "",
                "network_config": [
                  {
                    "additional_node_network_configs": [],
                    "additional_pod_network_configs": [],
                    "create_pod_range": false,
                    "enable_private_nodes": false,
                    "network_performance_config": [],
                    "pod_cidr_overprovision_config": [],
                    "pod_ipv4_cidr_block": "10.6.128.0/17",
                    "pod_range": "gke-finbot-cluster-pods-d505cde9"
                  }
                ],
                "node_config": [
                  {
                    "advanced_machine_features": [],
                    "boot_disk_kms_key": "",
                    "confidential_nodes": [],
                    "containerd_config": [],
                    "disk_size_gb": 100,
                    "disk_type": "pd-balanced",
                    "effective_taints": [],
                    "enable_confidential_storage": false,
                    "ephemeral_storage_local_ssd_config": [],
                    "fast_socket": [],
                    "gcfs_config": [],
                    "guest_accelerator": [],
                    "gvnic": [
                      {
                        "enabled": true
                      }
                    ],
                    "host_maintenance_policy": [],
                    "image_type": "COS_CONTAINERD",
                    "kubelet_config": [
                      {
                        "allowed_unsafe_sysctls": [],
                        "container_log_max_files": 0,
                        "container_log_max_size": "",
                        "cpu_cfs_quota": false,
                        "cpu_cfs_quota_period": "",
                        "cpu_manager_policy": "",
                        "image_gc_high_threshold_percent": 0,
                        "image_gc_low_threshold_percent": 0,
                        "image_maximum_gc_age": "",
                        "image_minimum_gc_age": "",
                        "insecure_kubelet_readonly_port_enabled": "TRUE",
                        "pod_pids_limit": 0
                      }
                    ],
                    "labels": {},
                    "linux_node_config": [],
                    "local_nvme_ssd_block_config": [],
                    "local_ssd_count": 0,
                    "local_ssd_encryption_mode": "",
                    "logging_variant": "DEFAULT",
                    "machine_type": "e2-standard-8",
                    "max_run_duration": "",
                    "metadata": {
                      "disable-legacy-endpoints": "true"
                    },
                    "min_cpu_platform": "",
                    "node_group": "",
                    "oauth_scopes": [
                      "https://www.googleapis.com/auth/devstorage.read_only",
                      "https://www.googleapis.com/auth/logging.write",
                      "https://www.googleapis.com/auth/monitoring",
                      "https://www.googleapis.com/auth/service.management.readonly",
                      "https://www.googleapis.com/auth/servicecontrol",
                      "https://www.googleapis.com/auth/trace.append"
                    ],
                    "preemptible": false,
                    "reservation_affinity": [
                      {
                        "consume_reservation_type": "NO_RESERVATION",
                        "key": "",
                        "values": []
                      }
                    ],
                    "resource_labels": {
                      "goog-gke-node-pool-provisioning-model": "on-demand"
                    },
                    "resource_manager_tags": {},
                    "secondary_boot_disks": [],
                    "service_account": "default",
                    "shielded_instance_config": [
                      {
                        "enable_integrity_monitoring": true,
                        "enable_secure_boot": true
                      }
                    ],
                    "sole_tenant_config": [],
                    "spot": false,
                    "storage_pools": [],
                    "tags": [],
                    "taint": [],
                    "windows_node_config": [
                      {
                        "osversion": ""
                      }
                    ],
                    "workload_metadata_config": [
                      {
                        "mode": "GKE_METADATA"
                      }
                    ]
                  }
                ],
                "node_count": 0,
                "node_locations": [
                  "europe-west1-b",
                  "europe-west1-c",
                  "europe-west1-d"
                ],
                "placement_policy": [],
                "queued_provisioning": [],
                "upgrade_settings": [
                  {
                    "blue_green_settings": [],
                    "max_surge": 1,
                    "max_unavailable": 0,
                    "strategy": "SURGE"
                  }
                ],
                "version": "1.31.6-gke.1020000"
              },
              {
                "autoscaling": [
                  {
                    "location_policy": "BALANCED",
                    "max_node_count": 1000,
                    "min_node_count": 0,
                    "total_max_node_count": 0,
                    "total_min_node_count": 0
                  }
                ],
                "initial_node_count": 0,
                "instance_group_urls": [],
                "managed_instance_group_urls": [],
                "management": [
                  {
                    "auto_repair": true,
                    "auto_upgrade": true
                  }
                ],
                "max_pods_per_node": 32,
                "name": "pool-5",
                "name_prefix": "",
                "network_config": [
                  {
                    "additional_node_network_configs": [],
                    "additional_pod_network_configs": [],
                    "create_pod_range": false,
                    "enable_private_nodes": false,
                    "network_performance_config": [],
                    "pod_cidr_overprovision_config": [],
                    "pod_ipv4_cidr_block": "10.6.128.0/17",
                    "pod_range": "gke-finbot-cluster-pods-d505cde9"
                  }
                ],
                "node_config": [
                  {
                    "advanced_machine_features": [],
                    "boot_disk_kms_key": "",
                    "confidential_nodes": [],
                    "containerd_config": [],
                    "disk_size_gb": 100,
                    "disk_type": "pd-balanced",
                    "effective_taints": [],
                    "enable_confidential_storage": false,
                    "ephemeral_storage_local_ssd_config": [],
                    "fast_socket": [],
                    "gcfs_config": [],
                    "guest_accelerator": [],
                    "gvnic": [
                      {
                        "enabled": true
                      }
                    ],
                    "host_maintenance_policy": [],
                    "image_type": "COS_CONTAINERD",
                    "kubelet_config": [
                      {
                        "allowed_unsafe_sysctls": [],
                        "container_log_max_files": 0,
                        "container_log_max_size": "",
                        "cpu_cfs_quota": false,
                        "cpu_cfs_quota_period": "",
                        "cpu_manager_policy": "",
                        "image_gc_high_threshold_percent": 0,
                        "image_gc_low_threshold_percent": 0,
                        "image_maximum_gc_age": "",
                        "image_minimum_gc_age": "",
                        "insecure_kubelet_readonly_port_enabled": "TRUE",
                        "pod_pids_limit": 0
                      }
                    ],
                    "labels": {},
                    "linux_node_config": [],
                    "local_nvme_ssd_block_config": [],
                    "local_ssd_count": 0,
                    "local_ssd_encryption_mode": "",
                    "logging_variant": "DEFAULT",
                    "machine_type": "e2-standard-16",
                    "max_run_duration": "",
                    "metadata": {
                      "disable-legacy-endpoints": "true"
                    },
                    "min_cpu_platform": "",
                    "node_group": "",
                    "oauth_scopes": [
                      "https://www.googleapis.com/auth/devstorage.read_only",
                      "https://www.googleapis.com/auth/logging.write",
                      "https://www.googleapis.com/auth/monitoring",
                      "https://www.googleapis.com/auth/service.management.readonly",
                      "https://www.googleapis.com/auth/servicecontrol",
                      "https://www.googleapis.com/auth/trace.append"
                    ],
                    "preemptible": false,
                    "reservation_affinity": [
                      {
                        "consume_reservation_type": "NO_RESERVATION",
                        "key": "",
                        "values": []
                      }
                    ],
                    "resource_labels": {
                      "goog-gke-node-pool-provisioning-model": "on-demand"
                    },
                    "resource_manager_tags": {},
                    "secondary_boot_disks": [],
                    "service_account": "default",
                    "shielded_instance_config": [
                      {
                        "enable_integrity_monitoring": true,
                        "enable_secure_boot": true
                      }
                    ],
                    "sole_tenant_config": [],
                    "spot": false,
                    "storage_pools": [],
                    "tags": [],
                    "taint": [],
                    "windows_node_config": [
                      {
                        "osversion": ""
                      }
                    ],
                    "workload_metadata_config": [
                      {
                        "mode": "GKE_METADATA"
                      }
                    ]
                  }
                ],
                "node_count": 0,
                "node_locations": [
                  "europe-west1-b",
                  "europe-west1-c",
                  "europe-west1-d"
                ],
                "placement_policy": [],
                "queued_provisioning": [],
                "upgrade_settings": [
                  {
                    "blue_green_settings": [],
                    "max_surge": 1,
                    "max_unavailable": 0,
                    "strategy": "SURGE"
                  }
                ],
                "version": "1.31.6-gke.1020000"
              },
              {
                "autoscaling": [
                  {
                    "location_policy": "BALANCED",
                    "max_node_count": 1000,
                    "min_node_count": 0,
                    "total_max_node_count": 0,
                    "total_min_node_count": 0
                  }
                ],
                "initial_node_count": 0,
                "instance_group_urls": [],
                "managed_instance_group_urls": [],
                "management": [
                  {
                    "auto_repair": true,
                    "auto_upgrade": true
                  }
                ],
                "max_pods_per_node": 32,
                "name": "pool-6",
                "name_prefix": "",
                "network_config": [
                  {
                    "additional_node_network_configs": [],
                    "additional_pod_network_configs": [],
                    "create_pod_range": false,
                    "enable_private_nodes": false,
                    "network_performance_config": [],
                    "pod_cidr_overprovision_config": [],
                    "pod_ipv4_cidr_block": "10.6.128.0/17",
                    "pod_range": "gke-finbot-cluster-pods-d505cde9"
                  }
                ],
                "node_config": [
                  {
                    "advanced_machine_features": [],
                    "boot_disk_kms_key": "",
                    "confidential_nodes": [],
                    "containerd_config": [],
                    "disk_size_gb": 100,
                    "disk_type": "pd-balanced",
                    "effective_taints": [],
                    "enable_confidential_storage": false,
                    "ephemeral_storage_local_ssd_config": [],
                    "fast_socket": [],
                    "gcfs_config": [],
                    "guest_accelerator": [],
                    "gvnic": [
                      {
                        "enabled": true
                      }
                    ],
                    "host_maintenance_policy": [],
                    "image_type": "COS_CONTAINERD",
                    "kubelet_config": [
                      {
                        "allowed_unsafe_sysctls": [],
                        "container_log_max_files": 0,
                        "container_log_max_size": "",
                        "cpu_cfs_quota": false,
                        "cpu_cfs_quota_period": "",
                        "cpu_manager_policy": "",
                        "image_gc_high_threshold_percent": 0,
                        "image_gc_low_threshold_percent": 0,
                        "image_maximum_gc_age": "",
                        "image_minimum_gc_age": "",
                        "insecure_kubelet_readonly_port_enabled": "TRUE",
                        "pod_pids_limit": 0
                      }
                    ],
                    "labels": {},
                    "linux_node_config": [],
                    "local_nvme_ssd_block_config": [],
                    "local_ssd_count": 0,
                    "local_ssd_encryption_mode": "",
                    "logging_variant": "DEFAULT",
                    "machine_type": "e2-standard-32",
                    "max_run_duration": "",
                    "metadata": {
                      "disable-legacy-endpoints": "true"
                    },
                    "min_cpu_platform": "",
                    "node_group": "",
                    "oauth_scopes": [
                      "https://www.googleapis.com/auth/devstorage.read_only",
                      "https://www.googleapis.com/auth/logging.write",
                      "https://www.googleapis.com/auth/monitoring",
                      "https://www.googleapis.com/auth/service.management.readonly",
                      "https://www.googleapis.com/auth/servicecontrol",
                      "https://www.googleapis.com/auth/trace.append"
                    ],
                    "preemptible": false,
                    "reservation_affinity": [
                      {
                        "consume_reservation_type": "NO_RESERVATION",
                        "key": "",
                        "values": []
                      }
                    ],
                    "resource_labels": {
                      "goog-gke-node-pool-provisioning-model": "on-demand"
                    },
                    "resource_manager_tags": {},
                    "secondary_boot_disks": [],
                    "service_account": "default",
                    "shielded_instance_config": [
                      {
                        "enable_integrity_monitoring": true,
                        "enable_secure_boot": true
                      }
                    ],
                    "sole_tenant_config": [],
                    "spot": false,
                    "storage_pools": [],
                    "tags": [],
                    "taint": [],
                    "windows_node_config": [
                      {
                        "osversion": ""
                      }
                    ],
                    "workload_metadata_config": [
                      {
                        "mode": "GKE_METADATA"
                      }
                    ]
                  }
                ],
                "node_count": 0,
                "node_locations": [
                  "europe-west1-b",
                  "europe-west1-c",
                  "europe-west1-d"
                ],
                "placement_policy": [],
                "queued_provisioning": [],
                "upgrade_settings": [
                  {
                    "blue_green_settings": [],
                    "max_surge": 1,
                    "max_unavailable": 0,
                    "strategy": "SURGE"
                  }
                ],
                "version": "1.31.6-gke.1020000"
              }
            ],
            "node_pool_auto_config": [],
            "node_pool_defaults": [
              {
                "node_config_defaults": [
                  {
                    "containerd_config": [],
                    "gcfs_config": [
                      {
                        "enabled": true
                      }
                    ],
                    "insecure_kubelet_readonly_port_enabled": "FALSE",
                    "logging_variant": "DEFAULT"
                  }
                ]
              }
            ],
            "node_version": "1.31.6-gke.1020000",
            "notification_config": [
              {
                "pubsub": [
                  {
                    "enabled": false,
                    "filter": [],
                    "topic": ""
                  }
                ]
              }
            ],
            "operation": null,
            "private_cluster_config": [
              {
                "enable_private_endpoint": false,
                "enable_private_nodes": false,
                "master_global_access_config": [
                  {
                    "enabled": false
                  }
                ],
                "master_ipv4_cidr_block": "",
                "peering_name": "",
                "private_endpoint": "10.132.0.2",
                "private_endpoint_subnetwork": "",
                "public_endpoint": "35.187.92.192"
              }
            ],
            "private_ipv6_google_access": "",
            "project": "mattia-dev-2025",
            "release_channel": [
              {
                "channel": "REGULAR"
              }
            ],
            "remove_default_node_pool": null,
            "resource_labels": {
              "goog-terraform-provisioned": "true"
            },
            "resource_usage_export_config": [],
            "secret_manager_config": [
              {
                "enabled": false
              }
            ],
            "security_posture_config": [
              {
                "mode": "BASIC",
                "vulnerability_mode": "VULNERABILITY_MODE_UNSPECIFIED"
              }
            ],
            "self_link": "https://container.googleapis.com/v1/projects/mattia-dev-2025/locations/europe-west1/clusters/finbot-cluster",
            "service_external_ips_config": [
              {
                "enabled": false
              }
            ],
            "services_ipv4_cidr": "34.118.224.0/20",
            "subnetwork": "projects/mattia-dev-2025/regions/europe-west1/subnetworks/default",
            "terraform_labels": {
              "goog-terraform-provisioned": "true"
            },
            "tpu_ipv4_cidr_block": "",
            "user_managed_keys_config": [],
            "vertical_pod_autoscaling": [
              {
                "enabled": true
              }
            ],
            "workload_identity_config": [
              {
                "workload_pool": "mattia-dev-2025.svc.id.goog"
              }
            ]
          },
          "sensitive_attributes": []
        }
      ]
    },
    {
      "mode": "managed",
      "type": "google_container_cluster",
      "name": "gke",
      "provider": "provider[\"registry.terraform.io/hashicorp/google\"]",
      "instances": [
        {
          "schema_version": 2,
          "attributes": {
            "addons_config": [
              {
                "cloudrun_config": [],
                "config_connector_config": [],
                "dns_cache_config": [
                  {
                    "enabled": true
                  }
                ],
                "gce_persistent_disk_csi_driver_config": [
                  {
                    "enabled": true
                  }
                ],
                "gcp_filestore_csi_driver_config": [
                  {
                    "enabled": true
                  }
                ],
                "gcs_fuse_csi_driver_config": [
                  {
                    "enabled": true
                  }
                ],
                "gke_backup_agent_config": [],
                "horizontal_pod_autoscaling": [],
                "http_load_balancing": [],
                "network_policy_config": [
                  {
                    "disabled": true
                  }
                ],
                "parallelstore_csi_driver_config": [
                  {
                    "enabled": true
                  }
                ],
                "ray_operator_config": [],
                "stateful_ha_config": [
                  {
                    "enabled": true
                  }
                ]
              }
            ],
            "allow_net_admin": null,
            "authenticator_groups_config": [],
            "binary_authorization": [
              {
                "enabled": false,
                "evaluation_mode": ""
              }
            ],
            "cluster_autoscaling": [
              {
                "auto_provisioning_defaults": [
                  {
                    "boot_disk_kms_key": "",
                    "disk_size": 0,
                    "disk_type": "",
                    "image_type": "COS_CONTAINERD",
                    "management": [
                      {
                        "auto_repair": true,
                        "auto_upgrade": true,
                        "upgrade_options": []
                      }
                    ],
                    "min_cpu_platform": "",
                    "oauth_scopes": [
                      "https://www.googleapis.com/auth/devstorage.read_only",
                      "https://www.googleapis.com/auth/logging.write",
                      "https://www.googleapis.com/auth/monitoring",
                      "https://www.googleapis.com/auth/service.management.readonly",
                      "https://www.googleapis.com/auth/servicecontrol",
                      "https://www.googleapis.com/auth/trace.append"
                    ],
                    "service_account": "default",
                    "shielded_instance_config": [],
                    "upgrade_settings": [
                      {
                        "blue_green_settings": [],
                        "max_surge": 1,
                        "max_unavailable": 0,
                        "strategy": "SURGE"
                      }
                    ]
                  }
                ],
                "auto_provisioning_locations": [],
                "autoscaling_profile": "OPTIMIZE_UTILIZATION",
                "enabled": true,
                "resource_limits": [
                  {
                    "maximum": 1000000000,
                    "minimum": 0,
                    "resource_type": "cpu"
                  },
                  {
                    "maximum": 1000000000,
                    "minimum": 0,
                    "resource_type": "memory"
                  },
                  {
                    "maximum": 1000000000,
                    "minimum": 0,
                    "resource_type": "nvidia-tesla-t4"
                  },
                  {
                    "maximum": 1000000000,
                    "minimum": 0,
                    "resource_type": "nvidia-tesla-a100"
                  }
                ]
              }
            ],
            "cluster_ipv4_cidr": "10.6.128.0/17",
            "confidential_nodes": [],
            "control_plane_endpoints_config": [
              {
                "dns_endpoint_config": [
                  {
                    "allow_external_traffic": false,
                    "endpoint": "gke-d505cde9fc23481791bb0ccd0bfd3eef3669-1019934558367.europe-west1.gke.goog"
                  }
                ],
                "ip_endpoints_config": [
                  {
                    "enabled": true
                  }
                ]
              }
            ],
            "cost_management_config": [],
            "database_encryption": [
              {
                "key_name": "",
                "state": "DECRYPTED"
              }
            ],
            "datapath_provider": "ADVANCED_DATAPATH",
            "default_max_pods_per_node": 110,
            "default_snat_status": [
              {
                "disabled": false
              }
            ],
            "deletion_protection": true,
            "description": "",
            "disable_l4_lb_firewall_reconciliation": false,
            "dns_config": [
              {
                "additive_vpc_scope_dns_domain": "",
                "cluster_dns": "CLOUD_DNS",
                "cluster_dns_domain": "cluster.local",
                "cluster_dns_scope": "CLUSTER_SCOPE"
              }
            ],
            "effective_labels": {
              "goog-terraform-provisioned": "true"
            },
            "enable_autopilot": true,
            "enable_cilium_clusterwide_network_policy": false,
            "enable_fqdn_network_policy": false,
            "enable_intranode_visibility": true,
            "enable_k8s_beta_apis": [],
            "enable_kubernetes_alpha": false,
            "enable_l4_ilb_subsetting": false,
            "enable_legacy_abac": false,
            "enable_multi_networking": false,
            "enable_shielded_nodes": true,
            "enable_tpu": false,
            "endpoint": "35.187.92.192",
            "enterprise_config": [
              {
                "cluster_tier": "STANDARD",
                "desired_tier": ""
              }
            ],
            "fleet": [],
            "gateway_api_config": [
              {
                "channel": "CHANNEL_STANDARD"
              }
            ],
            "id": "projects/mattia-dev-2025/locations/europe-west1/clusters/finbot-cluster",
            "identity_service_config": [],
            "initial_node_count": 0,
            "ip_allocation_policy": [
              {
                "additional_pod_ranges_config": [],
                "cluster_ipv4_cidr_block": "10.6.128.0/17",
                "cluster_secondary_range_name": "gke-finbot-cluster-pods-d505cde9",
                "pod_cidr_overprovision_config": [
                  {
                    "disabled": false
                  }
                ],
                "services_ipv4_cidr_block": "34.118.224.0/20",
                "services_secondary_range_name": "",
                "stack_type": "IPV4"
              }
            ],
            "label_fingerprint": "78cdf2f6",
            "location": "europe-west1",
            "logging_config": [
              {
                "enable_components": [
                  "SYSTEM_COMPONENTS",
                  "WORKLOADS"
                ]
              }
            ],
            "logging_service": "logging.googleapis.com/kubernetes",
            "maintenance_policy": [],
            "master_auth": [
              {
                "client_certificate": "",
                "client_certificate_config": [
                  {
                    "issue_client_certificate": false
                  }
                ],
                "client_key": "",
                "cluster_ca_certificate": "LS0tLS1CRUdJTiBDRVJUSUZJQ0FURS0tLS0tCk1JSUVMVENDQXBXZ0F3SUJBZ0lSQVBLazFNRWtpTkV4bjY3dnV6MmhUQm93RFFZSktvWklodmNOQVFFTEJRQXcKTHpFdE1Dc0dBMVVFQXhNa056TmlPRGhoWm1NdFpEaG1OeTAwWkdJNExUaGlOVGN0TURNMU0yVTVaREJoTkRRMwpNQ0FYRFRJMU1EUXhNVEUxTlRrd01Gb1lEekl3TlRVd05EQTBNVFkxT1RBd1dqQXZNUzB3S3dZRFZRUURFeVEzCk0ySTRPR0ZtWXkxa09HWTNMVFJrWWpndE9HSTFOeTB3TXpVelpUbGtNR0UwTkRjd2dnR2lNQTBHQ1NxR1NJYjMKRFFFQkFRVUFBNElCandBd2dnR0tBb0lCZ1FDNjRFcjR1M2hsSlJrWWFzYnBxc3g0c0N1QjRETUJzWWh6b0tISQp1MS9vRU91Rm4yRURMUElGViszbUhvMjJnK1o0aEtURFd4ZS8rWGdXM0g4K1UwRmo1c003V2crZmIwMHl2YXp0CnJrakpOVmdIakkvR015aTN0LzFsMGJGK3V1TnpxNXZ0SG5JREhrZ0QwMnRFdWdzTUd3YWRmMDhHeFl1TXVXazQKWjArU3UwMXRQSSt4ZGN6eFZYMjBJTmFHUTF1Y3BPK0NQOXF0T0RoRmxNc2VHWVpELzd4ZWlTZjlOWTh2a1ovbwptSklLTktqUHFySjZlVjM4am03SXkvdXRkQTVCaXlJclhWYXF4ZXBPdjA2VzNjenhrQXV4eFlIdllVeUJjc3JECmQ3N0hMVXl6Nmd5ZDMrZkdYaVBoNFRrMVl5RlZ5Ym1LeXBuMy9sN1lQR293MWlFMzVOcGx0dkxnZEErTEpiMCsKYWxKWTU2dnd0d2hMWURrOS9qWU9wcGhTTExIR21rNDBicG9zQVU3aVFheW1qeGZlQzVpRksva2U5dUhFQkhueApXTWszUkhMdGZpVEVWc0VhZ28xSkVKdHVwOVp4M1dGcW5LTW5uTmdSZy9JQlpRV3BYNVJzeTdiZ2l5cms3aGRDCjZKY01tR202UlRpTDRhK3pWTStMM2NxYWJSTUNBd0VBQWFOQ01FQXdEZ1lEVlIwUEFRSC9CQVFEQWdJRU1BOEcKQTFVZEV3RUIvd1FGTUFNQkFmOHdIUVlEVlIwT0JCWUVGQlFoRGdFZVAzZk9lcTF0dE13VDlDbjErZ3EvTUEwRwpDU3FHU0liM0RRRUJDd1VBQTRJQmdRQmRsK1B3RmxzRSszdHRobXNtZDlIbFphQjZjdWpONW0xaFZPdy9yQ09QCnFpbjJHR1VDcDJYVmU4S1hhWWVzUnc4QkdLTDUxMHVkZ3kwb0VPU2dIWmJyZzY5Z0pPMTJJRmhXQ3NDUjdmS0IKUXlzUVF1OTdxRUE1RXVHNSt5cWxjenJaWTNaK0xUVm5aK0xaekI4STkzTEpNOUZxWjhhRmVwQ2txY0doeUduYQpJbmdDcU9JVklPVGZLZjl3L2EzaUF2NCtaclJtejF0dHN3QVZOcFhBNG42OFlwNE9VZ0xHdkxtQnd3dzhNWU1GClF0L0dkMjZvM3pEVDEzUnNSbFpMajA0MUpSMUQ5TmVWQ2ZNM0NLZXZpZ3lMZHhJRUhPekE3ZFpsbk92all4VGsKT3dhOUJabXNQemU4YXVCd1hXTmRzVlYyK2dWTjNyUHdLbkN3QUxuK2VQQlZ4RFl0WGREKzVlbnh2Y0hhR1NVUApRWHcyaldQTFhMVWIrRmY1OVBGVmZUTkVOUTE1empUYnIwZHZNekl6Nmp6YmhNT1lHSEpjZHdITHJDVjJuL0E3Cm1GNWJhRk5vVU5wNEwvWWtyM2Zxa0VuNll5VWhiMzRkU1hiZ1UzcjIzR2pqYjZZVlFuNE9ISUlCdWJrbEVobEoKTGJ5ZUF1SG5Oc3pJbnBLb0hENC9tK3M9Ci0tLS0tRU5EIENFUlRJRklDQVRFLS0tLS0K"
              }
            ],
            "master_authorized_networks_config": [],
            "master_version": "1.31.6-gke.1020000",
            "mesh_certificates": [],
            "min_master_version": null,
            "monitoring_config": [
              {
                "advanced_datapath_observability_config": [
                  {
                    "enable_metrics": true,
                    "enable_relay": false
                  }
                ],
                "enable_components": [
                  "SYSTEM_COMPONENTS",
                  "STORAGE",
                  "HPA",
                  "POD",
                  "DAEMONSET",
                  "DEPLOYMENT",
                  "STATEFULSET",
                  "CADVISOR",
                  "KUBELET"
                ],
                "managed_prometheus": [
                  {
                    "auto_monitoring_config": [],
                    "enabled": true
                  }
                ]
              }
            ],
            "monitoring_service": "monitoring.googleapis.com/kubernetes",
            "name": "finbot-cluster",
            "network": "projects/mattia-dev-2025/global/networks/default",
            "network_policy": [
              {
                "enabled": false,
                "provider": "PROVIDER_UNSPECIFIED"
              }
            ],
            "networking_mode": "VPC_NATIVE",
            "node_config": [
              {
                "advanced_machine_features": [],
                "boot_disk_kms_key": "",
                "confidential_nodes": [],
                "containerd_config": [],
                "disk_size_gb": 100,
                "disk_type": "pd-balanced",
                "effective_taints": [
                  {
                    "effect": "NO_SCHEDULE",
                    "key": "cloud.google.com/gke-quick-remove",
                    "value": "true"
                  }
                ],
                "enable_confidential_storage": false,
                "ephemeral_storage_local_ssd_config": [],
                "fast_socket": [],
                "gcfs_config": [],
                "guest_accelerator": [],
                "gvnic": [
                  {
                    "enabled": true
                  }
                ],
                "host_maintenance_policy": [],
                "image_type": "COS_CONTAINERD",
                "kubelet_config": [
                  {
                    "allowed_unsafe_sysctls": [],
                    "container_log_max_files": 0,
                    "container_log_max_size": "",
                    "cpu_cfs_quota": false,
                    "cpu_cfs_quota_period": "",
                    "cpu_manager_policy": "",
                    "image_gc_high_threshold_percent": 0,
                    "image_gc_low_threshold_percent": 0,
                    "image_maximum_gc_age": "",
                    "image_minimum_gc_age": "",
                    "insecure_kubelet_readonly_port_enabled": "TRUE",
                    "pod_pids_limit": 0
                  }
                ],
                "labels": {},
                "linux_node_config": [],
                "local_nvme_ssd_block_config": [],
                "local_ssd_count": 0,
                "local_ssd_encryption_mode": "",
                "logging_variant": "DEFAULT",
                "machine_type": "e2-small",
                "max_run_duration": "",
                "metadata": {
                  "disable-legacy-endpoints": "true"
                },
                "min_cpu_platform": "",
                "node_group": "",
                "oauth_scopes": [
                  "https://www.googleapis.com/auth/devstorage.read_only",
                  "https://www.googleapis.com/auth/logging.write",
                  "https://www.googleapis.com/auth/monitoring",
                  "https://www.googleapis.com/auth/service.management.readonly",
                  "https://www.googleapis.com/auth/servicecontrol",
                  "https://www.googleapis.com/auth/trace.append"
                ],
                "preemptible": false,
                "reservation_affinity": [
                  {
                    "consume_reservation_type": "NO_RESERVATION",
                    "key": "",
                    "values": []
                  }
                ],
                "resource_labels": {
                  "goog-gke-node-pool-provisioning-model": "on-demand"
                },
                "resource_manager_tags": {},
                "secondary_boot_disks": [],
                "service_account": "default",
                "shielded_instance_config": [
                  {
                    "enable_integrity_monitoring": true,
                    "enable_secure_boot": true
                  }
                ],
                "sole_tenant_config": [],
                "spot": false,
                "storage_pools": [],
                "tags": [],
                "taint": [],
                "windows_node_config": [
                  {
                    "osversion": ""
                  }
                ],
                "workload_metadata_config": [
                  {
                    "mode": "GKE_METADATA"
                  }
                ]
              }
            ],
            "node_locations": [
              "europe-west1-b",
              "europe-west1-c",
              "europe-west1-d"
            ],
            "node_pool": [
              {
                "autoscaling": [
                  {
                    "location_policy": "BALANCED",
                    "max_node_count": 1000,
                    "min_node_count": 0,
                    "total_max_node_count": 0,
                    "total_min_node_count": 0
                  }
                ],
                "initial_node_count": 1,
                "instance_group_urls": [],
                "managed_instance_group_urls": [],
                "management": [
                  {
                    "auto_repair": true,
                    "auto_upgrade": true
                  }
                ],
                "max_pods_per_node": 32,
                "name": "default-pool",
                "name_prefix": "",
                "network_config": [
                  {
                    "additional_node_network_configs": [],
                    "additional_pod_network_configs": [],
                    "create_pod_range": false,
                    "enable_private_nodes": false,
                    "network_performance_config": [],
                    "pod_cidr_overprovision_config": [],
                    "pod_ipv4_cidr_block": "10.6.128.0/17",
                    "pod_range": "gke-finbot-cluster-pods-d505cde9"
                  }
                ],
                "node_config": [
                  {
                    "advanced_machine_features": [],
                    "boot_disk_kms_key": "",
                    "confidential_nodes": [],
                    "containerd_config": [],
                    "disk_size_gb": 100,
                    "disk_type": "pd-balanced",
                    "effective_taints": [
                      {
                        "effect": "NO_SCHEDULE",
                        "key": "cloud.google.com/gke-quick-remove",
                        "value": "true"
                      }
                    ],
                    "enable_confidential_storage": false,
                    "ephemeral_storage_local_ssd_config": [],
                    "fast_socket": [],
                    "gcfs_config": [],
                    "guest_accelerator": [],
                    "gvnic": [
                      {
                        "enabled": true
                      }
                    ],
                    "host_maintenance_policy": [],
                    "image_type": "COS_CONTAINERD",
                    "kubelet_config": [
                      {
                        "allowed_unsafe_sysctls": [],
                        "container_log_max_files": 0,
                        "container_log_max_size": "",
                        "cpu_cfs_quota": false,
                        "cpu_cfs_quota_period": "",
                        "cpu_manager_policy": "",
                        "image_gc_high_threshold_percent": 0,
                        "image_gc_low_threshold_percent": 0,
                        "image_maximum_gc_age": "",
                        "image_minimum_gc_age": "",
                        "insecure_kubelet_readonly_port_enabled": "TRUE",
                        "pod_pids_limit": 0
                      }
                    ],
                    "labels": {},
                    "linux_node_config": [],
                    "local_nvme_ssd_block_config": [],
                    "local_ssd_count": 0,
                    "local_ssd_encryption_mode": "",
                    "logging_variant": "DEFAULT",
                    "machine_type": "e2-small",
                    "max_run_duration": "",
                    "metadata": {
                      "disable-legacy-endpoints": "true"
                    },
                    "min_cpu_platform": "",
                    "node_group": "",
                    "oauth_scopes": [
                      "https://www.googleapis.com/auth/devstorage.read_only",
                      "https://www.googleapis.com/auth/logging.write",
                      "https://www.googleapis.com/auth/monitoring",
                      "https://www.googleapis.com/auth/service.management.readonly",
                      "https://www.googleapis.com/auth/servicecontrol",
                      "https://www.googleapis.com/auth/trace.append"
                    ],
                    "preemptible": false,
                    "reservation_affinity": [
                      {
                        "consume_reservation_type": "NO_RESERVATION",
                        "key": "",
                        "values": []
                      }
                    ],
                    "resource_labels": {
                      "goog-gke-node-pool-provisioning-model": "on-demand"
                    },
                    "resource_manager_tags": {},
                    "secondary_boot_disks": [],
                    "service_account": "default",
                    "shielded_instance_config": [
                      {
                        "enable_integrity_monitoring": true,
                        "enable_secure_boot": true
                      }
                    ],
                    "sole_tenant_config": [],
                    "spot": false,
                    "storage_pools": [],
                    "tags": [],
                    "taint": [],
                    "windows_node_config": [
                      {
                        "osversion": ""
                      }
                    ],
                    "workload_metadata_config": [
                      {
                        "mode": "GKE_METADATA"
                      }
                    ]
                  }
                ],
                "node_count": 0,
                "node_locations": [
                  "europe-west1-c"
                ],
                "placement_policy": [],
                "queued_provisioning": [],
                "upgrade_settings": [
                  {
                    "blue_green_settings": [],
                    "max_surge": 1,
                    "max_unavailable": 0,
                    "strategy": "SURGE"
                  }
                ],
                "version": "1.31.6-gke.1020000"
              },
              {
                "autoscaling": [
                  {
                    "location_policy": "BALANCED",
                    "max_node_count": 1000,
                    "min_node_count": 0,
                    "total_max_node_count": 0,
                    "total_min_node_count": 0
                  }
                ],
                "initial_node_count": 0,
                "instance_group_urls": [],
                "managed_instance_group_urls": [],
                "management": [
                  {
                    "auto_repair": true,
                    "auto_upgrade": true
                  }
                ],
                "max_pods_per_node": 32,
                "name": "pool-1",
                "name_prefix": "",
                "network_config": [
                  {
                    "additional_node_network_configs": [],
                    "additional_pod_network_configs": [],
                    "create_pod_range": false,
                    "enable_private_nodes": false,
                    "network_performance_config": [],
                    "pod_cidr_overprovision_config": [],
                    "pod_ipv4_cidr_block": "10.6.128.0/17",
                    "pod_range": "gke-finbot-cluster-pods-d505cde9"
                  }
                ],
                "node_config": [
                  {
                    "advanced_machine_features": [],
                    "boot_disk_kms_key": "",
                    "confidential_nodes": [],
                    "containerd_config": [],
                    "disk_size_gb": 100,
                    "disk_type": "pd-balanced",
                    "effective_taints": [],
                    "enable_confidential_storage": false,
                    "ephemeral_storage_local_ssd_config": [],
                    "fast_socket": [],
                    "gcfs_config": [],
                    "guest_accelerator": [],
                    "gvnic": [
                      {
                        "enabled": true
                      }
                    ],
                    "host_maintenance_policy": [],
                    "image_type": "COS_CONTAINERD",
                    "kubelet_config": [
                      {
                        "allowed_unsafe_sysctls": [],
                        "container_log_max_files": 0,
                        "container_log_max_size": "",
                        "cpu_cfs_quota": false,
                        "cpu_cfs_quota_period": "",
                        "cpu_manager_policy": "",
                        "image_gc_high_threshold_percent": 0,
                        "image_gc_low_threshold_percent": 0,
                        "image_maximum_gc_age": "",
                        "image_minimum_gc_age": "",
                        "insecure_kubelet_readonly_port_enabled": "TRUE",
                        "pod_pids_limit": 0
                      }
                    ],
                    "labels": {},
                    "linux_node_config": [],
                    "local_nvme_ssd_block_config": [],
                    "local_ssd_count": 0,
                    "local_ssd_encryption_mode": "",
                    "logging_variant": "DEFAULT",
                    "machine_type": "e2-medium",
                    "max_run_duration": "",
                    "metadata": {
                      "disable-legacy-endpoints": "true"
                    },
                    "min_cpu_platform": "",
                    "node_group": "",
                    "oauth_scopes": [
                      "https://www.googleapis.com/auth/devstorage.read_only",
                      "https://www.googleapis.com/auth/logging.write",
                      "https://www.googleapis.com/auth/monitoring",
                      "https://www.googleapis.com/auth/service.management.readonly",
                      "https://www.googleapis.com/auth/servicecontrol",
                      "https://www.googleapis.com/auth/trace.append"
                    ],
                    "preemptible": false,
                    "reservation_affinity": [
                      {
                        "consume_reservation_type": "NO_RESERVATION",
                        "key": "",
                        "values": []
                      }
                    ],
                    "resource_labels": {
                      "goog-gke-node-pool-provisioning-model": "on-demand"
                    },
                    "resource_manager_tags": {},
                    "secondary_boot_disks": [],
                    "service_account": "default",
                    "shielded_instance_config": [
                      {
                        "enable_integrity_monitoring": true,
                        "enable_secure_boot": true
                      }
                    ],
                    "sole_tenant_config": [],
                    "spot": false,
                    "storage_pools": [],
                    "tags": [],
                    "taint": [],
                    "windows_node_config": [
                      {
                        "osversion": ""
                      }
                    ],
                    "workload_metadata_config": [
                      {
                        "mode": "GKE_METADATA"
                      }
                    ]
                  }
                ],
                "node_count": 0,
                "node_locations": [
                  "europe-west1-b",
                  "europe-west1-c",
                  "europe-west1-d"
                ],
                "placement_policy": [],
                "queued_provisioning": [],
                "upgrade_settings": [
                  {
                    "blue_green_settings": [],
                    "max_surge": 1,
                    "max_unavailable": 0,
                    "strategy": "SURGE"
                  }
                ],
                "version": "1.31.6-gke.1020000"
              },
              {
                "autoscaling": [
                  {
                    "location_policy": "BALANCED",
                    "max_node_count": 1000,
                    "min_node_count": 0,
                    "total_max_node_count": 0,
                    "total_min_node_count": 0
                  }
                ],
                "initial_node_count": 0,
                "instance_group_urls": [],
                "managed_instance_group_urls": [],
                "management": [
                  {
                    "auto_repair": true,
                    "auto_upgrade": true
                  }
                ],
                "max_pods_per_node": 32,
                "name": "pool-2",
                "name_prefix": "",
                "network_config": [
                  {
                    "additional_node_network_configs": [],
                    "additional_pod_network_configs": [],
                    "create_pod_range": false,
                    "enable_private_nodes": false,
                    "network_performance_config": [],
                    "pod_cidr_overprovision_config": [],
                    "pod_ipv4_cidr_block": "10.6.128.0/17",
                    "pod_range": "gke-finbot-cluster-pods-d505cde9"
                  }
                ],
                "node_config": [
                  {
                    "advanced_machine_features": [],
                    "boot_disk_kms_key": "",
                    "confidential_nodes": [],
                    "containerd_config": [],
                    "disk_size_gb": 100,
                    "disk_type": "pd-balanced",
                    "effective_taints": [],
                    "enable_confidential_storage": false,
                    "ephemeral_storage_local_ssd_config": [],
                    "fast_socket": [],
                    "gcfs_config": [],
                    "guest_accelerator": [],
                    "gvnic": [
                      {
                        "enabled": true
                      }
                    ],
                    "host_maintenance_policy": [],
                    "image_type": "COS_CONTAINERD",
                    "kubelet_config": [
                      {
                        "allowed_unsafe_sysctls": [],
                        "container_log_max_files": 0,
                        "container_log_max_size": "",
                        "cpu_cfs_quota": false,
                        "cpu_cfs_quota_period": "",
                        "cpu_manager_policy": "",
                        "image_gc_high_threshold_percent": 0,
                        "image_gc_low_threshold_percent": 0,
                        "image_maximum_gc_age": "",
                        "image_minimum_gc_age": "",
                        "insecure_kubelet_readonly_port_enabled": "TRUE",
                        "pod_pids_limit": 0
                      }
                    ],
                    "labels": {},
                    "linux_node_config": [],
                    "local_nvme_ssd_block_config": [],
                    "local_ssd_count": 0,
                    "local_ssd_encryption_mode": "",
                    "logging_variant": "DEFAULT",
                    "machine_type": "e2-standard-2",
                    "max_run_duration": "",
                    "metadata": {
                      "disable-legacy-endpoints": "true"
                    },
                    "min_cpu_platform": "",
                    "node_group": "",
                    "oauth_scopes": [
                      "https://www.googleapis.com/auth/devstorage.read_only",
                      "https://www.googleapis.com/auth/logging.write",
                      "https://www.googleapis.com/auth/monitoring",
                      "https://www.googleapis.com/auth/service.management.readonly",
                      "https://www.googleapis.com/auth/servicecontrol",
                      "https://www.googleapis.com/auth/trace.append"
                    ],
                    "preemptible": false,
                    "reservation_affinity": [
                      {
                        "consume_reservation_type": "NO_RESERVATION",
                        "key": "",
                        "values": []
                      }
                    ],
                    "resource_labels": {
                      "goog-gke-node-pool-provisioning-model": "on-demand"
                    },
                    "resource_manager_tags": {},
                    "secondary_boot_disks": [],
                    "service_account": "default",
                    "shielded_instance_config": [
                      {
                        "enable_integrity_monitoring": true,
                        "enable_secure_boot": true
                      }
                    ],
                    "sole_tenant_config": [],
                    "spot": false,
                    "storage_pools": [],
                    "tags": [],
                    "taint": [],
                    "windows_node_config": [
                      {
                        "osversion": ""
                      }
                    ],
                    "workload_metadata_config": [
                      {
                        "mode": "GKE_METADATA"
                      }
                    ]
                  }
                ],
                "node_count": 0,
                "node_locations": [
                  "europe-west1-b",
                  "europe-west1-c",
                  "europe-west1-d"
                ],
                "placement_policy": [],
                "queued_provisioning": [],
                "upgrade_settings": [
                  {
                    "blue_green_settings": [],
                    "max_surge": 1,
                    "max_unavailable": 0,
                    "strategy": "SURGE"
                  }
                ],
                "version": "1.31.6-gke.1020000"
              },
              {
                "autoscaling": [
                  {
                    "location_policy": "BALANCED",
                    "max_node_count": 1000,
                    "min_node_count": 0,
                    "total_max_node_count": 0,
                    "total_min_node_count": 0
                  }
                ],
                "initial_node_count": 0,
                "instance_group_urls": [],
                "managed_instance_group_urls": [],
                "management": [
                  {
                    "auto_repair": true,
                    "auto_upgrade": true
                  }
                ],
                "max_pods_per_node": 32,
                "name": "pool-3",
                "name_prefix": "",
                "network_config": [
                  {
                    "additional_node_network_configs": [],
                    "additional_pod_network_configs": [],
                    "create_pod_range": false,
                    "enable_private_nodes": false,
                    "network_performance_config": [],
                    "pod_cidr_overprovision_config": [],
                    "pod_ipv4_cidr_block": "10.6.128.0/17",
                    "pod_range": "gke-finbot-cluster-pods-d505cde9"
                  }
                ],
                "node_config": [
                  {
                    "advanced_machine_features": [],
                    "boot_disk_kms_key": "",
                    "confidential_nodes": [],
                    "containerd_config": [],
                    "disk_size_gb": 100,
                    "disk_type": "pd-balanced",
                    "effective_taints": [],
                    "enable_confidential_storage": false,
                    "ephemeral_storage_local_ssd_config": [],
                    "fast_socket": [],
                    "gcfs_config": [],
                    "guest_accelerator": [],
                    "gvnic": [
                      {
                        "enabled": true
                      }
                    ],
                    "host_maintenance_policy": [],
                    "image_type": "COS_CONTAINERD",
                    "kubelet_config": [
                      {
                        "allowed_unsafe_sysctls": [],
                        "container_log_max_files": 0,
                        "container_log_max_size": "",
                        "cpu_cfs_quota": false,
                        "cpu_cfs_quota_period": "",
                        "cpu_manager_policy": "",
                        "image_gc_high_threshold_percent": 0,
                        "image_gc_low_threshold_percent": 0,
                        "image_maximum_gc_age": "",
                        "image_minimum_gc_age": "",
                        "insecure_kubelet_readonly_port_enabled": "TRUE",
                        "pod_pids_limit": 0
                      }
                    ],
                    "labels": {},
                    "linux_node_config": [],
                    "local_nvme_ssd_block_config": [],
                    "local_ssd_count": 0,
                    "local_ssd_encryption_mode": "",
                    "logging_variant": "DEFAULT",
                    "machine_type": "e2-standard-4",
                    "max_run_duration": "",
                    "metadata": {
                      "disable-legacy-endpoints": "true"
                    },
                    "min_cpu_platform": "",
                    "node_group": "",
                    "oauth_scopes": [
                      "https://www.googleapis.com/auth/devstorage.read_only",
                      "https://www.googleapis.com/auth/logging.write",
                      "https://www.googleapis.com/auth/monitoring",
                      "https://www.googleapis.com/auth/service.management.readonly",
                      "https://www.googleapis.com/auth/servicecontrol",
                      "https://www.googleapis.com/auth/trace.append"
                    ],
                    "preemptible": false,
                    "reservation_affinity": [
                      {
                        "consume_reservation_type": "NO_RESERVATION",
                        "key": "",
                        "values": []
                      }
                    ],
                    "resource_labels": {
                      "goog-gke-node-pool-provisioning-model": "on-demand"
                    },
                    "resource_manager_tags": {},
                    "secondary_boot_disks": [],
                    "service_account": "default",
                    "shielded_instance_config": [
                      {
                        "enable_integrity_monitoring": true,
                        "enable_secure_boot": true
                      }
                    ],
                    "sole_tenant_config": [],
                    "spot": false,
                    "storage_pools": [],
                    "tags": [],
                    "taint": [],
                    "windows_node_config": [
                      {
                        "osversion": ""
                      }
                    ],
                    "workload_metadata_config": [
                      {
                        "mode": "GKE_METADATA"
                      }
                    ]
                  }
                ],
                "node_count": 0,
                "node_locations": [
                  "europe-west1-b",
                  "europe-west1-c",
                  "europe-west1-d"
                ],
                "placement_policy": [],
                "queued_provisioning": [],
                "upgrade_settings": [
                  {
                    "blue_green_settings": [],
                    "max_surge": 1,
                    "max_unavailable": 0,
                    "strategy": "SURGE"
                  }
                ],
                "version": "1.31.6-gke.1020000"
              },
              {
                "autoscaling": [
                  {
                    "location_policy": "BALANCED",
                    "max_node_count": 1000,
                    "min_node_count": 0,
                    "total_max_node_count": 0,
                    "total_min_node_count": 0
                  }
                ],
                "initial_node_count": 0,
                "instance_group_urls": [],
                "managed_instance_group_urls": [],
                "management": [
                  {
                    "auto_repair": true,
                    "auto_upgrade": true
                  }
                ],
                "max_pods_per_node": 32,
                "name": "pool-4",
                "name_prefix": "",
                "network_config": [
                  {
                    "additional_node_network_configs": [],
                    "additional_pod_network_configs": [],
                    "create_pod_range": false,
                    "enable_private_nodes": false,
                    "network_performance_config": [],
                    "pod_cidr_overprovision_config": [],
                    "pod_ipv4_cidr_block": "10.6.128.0/17",
                    "pod_range": "gke-finbot-cluster-pods-d505cde9"
                  }
                ],
                "node_config": [
                  {
                    "advanced_machine_features": [],
                    "boot_disk_kms_key": "",
                    "confidential_nodes": [],
                    "containerd_config": [],
                    "disk_size_gb": 100,
                    "disk_type": "pd-balanced",
                    "effective_taints": [],
                    "enable_confidential_storage": false,
                    "ephemeral_storage_local_ssd_config": [],
                    "fast_socket": [],
                    "gcfs_config": [],
                    "guest_accelerator": [],
                    "gvnic": [
                      {
                        "enabled": true
                      }
                    ],
                    "host_maintenance_policy": [],
                    "image_type": "COS_CONTAINERD",
                    "kubelet_config": [
                      {
                        "allowed_unsafe_sysctls": [],
                        "container_log_max_files": 0,
                        "container_log_max_size": "",
                        "cpu_cfs_quota": false,
                        "cpu_cfs_quota_period": "",
                        "cpu_manager_policy": "",
                        "image_gc_high_threshold_percent": 0,
                        "image_gc_low_threshold_percent": 0,
                        "image_maximum_gc_age": "",
                        "image_minimum_gc_age": "",
                        "insecure_kubelet_readonly_port_enabled": "TRUE",
                        "pod_pids_limit": 0
                      }
                    ],
                    "labels": {},
                    "linux_node_config": [],
                    "local_nvme_ssd_block_config": [],
                    "local_ssd_count": 0,
                    "local_ssd_encryption_mode": "",
                    "logging_variant": "DEFAULT",
                    "machine_type": "e2-standard-8",
                    "max_run_duration": "",
                    "metadata": {
                      "disable-legacy-endpoints": "true"
                    },
                    "min_cpu_platform": "",
                    "node_group": "",
                    "oauth_scopes": [
                      "https://www.googleapis.com/auth/devstorage.read_only",
                      "https://www.googleapis.com/auth/logging.write",
                      "https://www.googleapis.com/auth/monitoring",
                      "https://www.googleapis.com/auth/service.management.readonly",
                      "https://www.googleapis.com/auth/servicecontrol",
                      "https://www.googleapis.com/auth/trace.append"
                    ],
                    "preemptible": false,
                    "reservation_affinity": [
                      {
                        "consume_reservation_type": "NO_RESERVATION",
                        "key": "",
                        "values": []
                      }
                    ],
                    "resource_labels": {
                      "goog-gke-node-pool-provisioning-model": "on-demand"
                    },
                    "resource_manager_tags": {},
                    "secondary_boot_disks": [],
                    "service_account": "default",
                    "shielded_instance_config": [
                      {
                        "enable_integrity_monitoring": true,
                        "enable_secure_boot": true
                      }
                    ],
                    "sole_tenant_config": [],
                    "spot": false,
                    "storage_pools": [],
                    "tags": [],
                    "taint": [],
                    "windows_node_config": [
                      {
                        "osversion": ""
                      }
                    ],
                    "workload_metadata_config": [
                      {
                        "mode": "GKE_METADATA"
                      }
                    ]
                  }
                ],
                "node_count": 0,
                "node_locations": [
                  "europe-west1-b",
                  "europe-west1-c",
                  "europe-west1-d"
                ],
                "placement_policy": [],
                "queued_provisioning": [],
                "upgrade_settings": [
                  {
                    "blue_green_settings": [],
                    "max_surge": 1,
                    "max_unavailable": 0,
                    "strategy": "SURGE"
                  }
                ],
                "version": "1.31.6-gke.1020000"
              },
              {
                "autoscaling": [
                  {
                    "location_policy": "BALANCED",
                    "max_node_count": 1000,
                    "min_node_count": 0,
                    "total_max_node_count": 0,
                    "total_min_node_count": 0
                  }
                ],
                "initial_node_count": 0,
                "instance_group_urls": [],
                "managed_instance_group_urls": [],
                "management": [
                  {
                    "auto_repair": true,
                    "auto_upgrade": true
                  }
                ],
                "max_pods_per_node": 32,
                "name": "pool-5",
                "name_prefix": "",
                "network_config": [
                  {
                    "additional_node_network_configs": [],
                    "additional_pod_network_configs": [],
                    "create_pod_range": false,
                    "enable_private_nodes": false,
                    "network_performance_config": [],
                    "pod_cidr_overprovision_config": [],
                    "pod_ipv4_cidr_block": "10.6.128.0/17",
                    "pod_range": "gke-finbot-cluster-pods-d505cde9"
                  }
                ],
                "node_config": [
                  {
                    "advanced_machine_features": [],
                    "boot_disk_kms_key": "",
                    "confidential_nodes": [],
                    "containerd_config": [],
                    "disk_size_gb": 100,
                    "disk_type": "pd-balanced",
                    "effective_taints": [],
                    "enable_confidential_storage": false,
                    "ephemeral_storage_local_ssd_config": [],
                    "fast_socket": [],
                    "gcfs_config": [],
                    "guest_accelerator": [],
                    "gvnic": [
                      {
                        "enabled": true
                      }
                    ],
                    "host_maintenance_policy": [],
                    "image_type": "COS_CONTAINERD",
                    "kubelet_config": [
                      {
                        "allowed_unsafe_sysctls": [],
                        "container_log_max_files": 0,
                        "container_log_max_size": "",
                        "cpu_cfs_quota": false,
                        "cpu_cfs_quota_period": "",
                        "cpu_manager_policy": "",
                        "image_gc_high_threshold_percent": 0,
                        "image_gc_low_threshold_percent": 0,
                        "image_maximum_gc_age": "",
                        "image_minimum_gc_age": "",
                        "insecure_kubelet_readonly_port_enabled": "TRUE",
                        "pod_pids_limit": 0
                      }
                    ],
                    "labels": {},
                    "linux_node_config": [],
                    "local_nvme_ssd_block_config": [],
                    "local_ssd_count": 0,
                    "local_ssd_encryption_mode": "",
                    "logging_variant": "DEFAULT",
                    "machine_type": "e2-standard-16",
                    "max_run_duration": "",
                    "metadata": {
                      "disable-legacy-endpoints": "true"
                    },
                    "min_cpu_platform": "",
                    "node_group": "",
                    "oauth_scopes": [
                      "https://www.googleapis.com/auth/devstorage.read_only",
                      "https://www.googleapis.com/auth/logging.write",
                      "https://www.googleapis.com/auth/monitoring",
                      "https://www.googleapis.com/auth/service.management.readonly",
                      "https://www.googleapis.com/auth/servicecontrol",
                      "https://www.googleapis.com/auth/trace.append"
                    ],
                    "preemptible": false,
                    "reservation_affinity": [
                      {
                        "consume_reservation_type": "NO_RESERVATION",
                        "key": "",
                        "values": []
                      }
                    ],
                    "resource_labels": {
                      "goog-gke-node-pool-provisioning-model": "on-demand"
                    },
                    "resource_manager_tags": {},
                    "secondary_boot_disks": [],
                    "service_account": "default",
                    "shielded_instance_config": [
                      {
                        "enable_integrity_monitoring": true,
                        "enable_secure_boot": true
                      }
                    ],
                    "sole_tenant_config": [],
                    "spot": false,
                    "storage_pools": [],
                    "tags": [],
                    "taint": [],
                    "windows_node_config": [
                      {
                        "osversion": ""
                      }
                    ],
                    "workload_metadata_config": [
                      {
                        "mode": "GKE_METADATA"
                      }
                    ]
                  }
                ],
                "node_count": 0,
                "node_locations": [
                  "europe-west1-b",
                  "europe-west1-c",
                  "europe-west1-d"
                ],
                "placement_policy": [],
                "queued_provisioning": [],
                "upgrade_settings": [
                  {
                    "blue_green_settings": [],
                    "max_surge": 1,
                    "max_unavailable": 0,
                    "strategy": "SURGE"
                  }
                ],
                "version": "1.31.6-gke.1020000"
              },
              {
                "autoscaling": [
                  {
                    "location_policy": "BALANCED",
                    "max_node_count": 1000,
                    "min_node_count": 0,
                    "total_max_node_count": 0,
                    "total_min_node_count": 0
                  }
                ],
                "initial_node_count": 0,
                "instance_group_urls": [],
                "managed_instance_group_urls": [],
                "management": [
                  {
                    "auto_repair": true,
                    "auto_upgrade": true
                  }
                ],
                "max_pods_per_node": 32,
                "name": "pool-6",
                "name_prefix": "",
                "network_config": [
                  {
                    "additional_node_network_configs": [],
                    "additional_pod_network_configs": [],
                    "create_pod_range": false,
                    "enable_private_nodes": false,
                    "network_performance_config": [],
                    "pod_cidr_overprovision_config": [],
                    "pod_ipv4_cidr_block": "10.6.128.0/17",
                    "pod_range": "gke-finbot-cluster-pods-d505cde9"
                  }
                ],
                "node_config": [
                  {
                    "advanced_machine_features": [],
                    "boot_disk_kms_key": "",
                    "confidential_nodes": [],
                    "containerd_config": [],
                    "disk_size_gb": 100,
                    "disk_type": "pd-balanced",
                    "effective_taints": [],
                    "enable_confidential_storage": false,
                    "ephemeral_storage_local_ssd_config": [],
                    "fast_socket": [],
                    "gcfs_config": [],
                    "guest_accelerator": [],
                    "gvnic": [
                      {
                        "enabled": true
                      }
                    ],
                    "host_maintenance_policy": [],
                    "image_type": "COS_CONTAINERD",
                    "kubelet_config": [
                      {
                        "allowed_unsafe_sysctls": [],
                        "container_log_max_files": 0,
                        "container_log_max_size": "",
                        "cpu_cfs_quota": false,
                        "cpu_cfs_quota_period": "",
                        "cpu_manager_policy": "",
                        "image_gc_high_threshold_percent": 0,
                        "image_gc_low_threshold_percent": 0,
                        "image_maximum_gc_age": "",
                        "image_minimum_gc_age": "",
                        "insecure_kubelet_readonly_port_enabled": "TRUE",
                        "pod_pids_limit": 0
                      }
                    ],
                    "labels": {},
                    "linux_node_config": [],
                    "local_nvme_ssd_block_config": [],
                    "local_ssd_count": 0,
                    "local_ssd_encryption_mode": "",
                    "logging_variant": "DEFAULT",
                    "machine_type": "e2-standard-32",
                    "max_run_duration": "",
                    "metadata": {
                      "disable-legacy-endpoints": "true"
                    },
                    "min_cpu_platform": "",
                    "node_group": "",
                    "oauth_scopes": [
                      "https://www.googleapis.com/auth/devstorage.read_only",
                      "https://www.googleapis.com/auth/logging.write",
                      "https://www.googleapis.com/auth/monitoring",
                      "https://www.googleapis.com/auth/service.management.readonly",
                      "https://www.googleapis.com/auth/servicecontrol",
                      "https://www.googleapis.com/auth/trace.append"
                    ],
                    "preemptible": false,
                    "reservation_affinity": [
                      {
                        "consume_reservation_type": "NO_RESERVATION",
                        "key": "",
                        "values": []
                      }
                    ],
                    "resource_labels": {
                      "goog-gke-node-pool-provisioning-model": "on-demand"
                    },
                    "resource_manager_tags": {},
                    "secondary_boot_disks": [],
                    "service_account": "default",
                    "shielded_instance_config": [
                      {
                        "enable_integrity_monitoring": true,
                        "enable_secure_boot": true
                      }
                    ],
                    "sole_tenant_config": [],
                    "spot": false,
                    "storage_pools": [],
                    "tags": [],
                    "taint": [],
                    "windows_node_config": [
                      {
                        "osversion": ""
                      }
                    ],
                    "workload_metadata_config": [
                      {
                        "mode": "GKE_METADATA"
                      }
                    ]
                  }
                ],
                "node_count": 0,
                "node_locations": [
                  "europe-west1-b",
                  "europe-west1-c",
                  "europe-west1-d"
                ],
                "placement_policy": [],
                "queued_provisioning": [],
                "upgrade_settings": [
                  {
                    "blue_green_settings": [],
                    "max_surge": 1,
                    "max_unavailable": 0,
                    "strategy": "SURGE"
                  }
                ],
                "version": "1.31.6-gke.1020000"
              }
            ],
            "node_pool_auto_config": [],
            "node_pool_defaults": [
              {
                "node_config_defaults": [
                  {
                    "containerd_config": [],
                    "gcfs_config": [
                      {
                        "enabled": true
                      }
                    ],
                    "insecure_kubelet_readonly_port_enabled": "FALSE",
                    "logging_variant": "DEFAULT"
                  }
                ]
              }
            ],
            "node_version": "1.31.6-gke.1020000",
            "notification_config": [
              {
                "pubsub": [
                  {
                    "enabled": false,
                    "filter": [],
                    "topic": ""
                  }
                ]
              }
            ],
            "operation": null,
            "private_cluster_config": [
              {
                "enable_private_endpoint": false,
                "enable_private_nodes": false,
                "master_global_access_config": [
                  {
                    "enabled": false
                  }
                ],
                "master_ipv4_cidr_block": "",
                "peering_name": "",
                "private_endpoint": "10.132.0.2",
                "private_endpoint_subnetwork": "",
                "public_endpoint": "35.187.92.192"
              }
            ],
            "private_ipv6_google_access": "",
            "project": "mattia-dev-2025",
            "release_channel": [
              {
                "channel": "REGULAR"
              }
            ],
            "remove_default_node_pool": null,
            "resource_labels": {},
            "resource_usage_export_config": [],
            "secret_manager_config": [
              {
                "enabled": false
              }
            ],
            "security_posture_config": [
              {
                "mode": "BASIC",
                "vulnerability_mode": "VULNERABILITY_MODE_UNSPECIFIED"
              }
            ],
            "self_link": "https://container.googleapis.com/v1/projects/mattia-dev-2025/locations/europe-west1/clusters/finbot-cluster",
            "service_external_ips_config": [
              {
                "enabled": false
              }
            ],
            "services_ipv4_cidr": "34.118.224.0/20",
            "subnetwork": "projects/mattia-dev-2025/regions/europe-west1/subnetworks/default",
            "terraform_labels": {
              "goog-terraform-provisioned": "true"
            },
            "timeouts": null,
            "tpu_ipv4_cidr_block": "",
            "user_managed_keys_config": [],
            "vertical_pod_autoscaling": [
              {
                "enabled": true
              }
            ],
            "workload_identity_config": [
              {
                "workload_pool": "mattia-dev-2025.svc.id.goog"
              }
            ]
          },
          "sensitive_attributes": [],
          "private": "eyJlMmJmYjczMC1lY2FhLTExZTYtOGY4OC0zNDM2M2JjN2M0YzAiOnsiY3JlYXRlIjoyNDAwMDAwMDAwMDAwLCJkZWxldGUiOjI0MDAwMDAwMDAwMDAsInJlYWQiOjI0MDAwMDAwMDAwMDAsInVwZGF0ZSI6MzYwMDAwMDAwMDAwMH0sInNjaGVtYV92ZXJzaW9uIjoiMiJ9"
        }
      ]
    },
    {
      "mode": "managed",
      "type": "kubernetes_deployment",
      "name": "backend",
      "provider": "provider[\"registry.terraform.io/hashicorp/kubernetes\"]",
      "instances": [
        {
          "schema_version": 1,
          "attributes": {
            "id": "default/finbot-backend",
            "metadata": [
              {
                "annotations": {
                  "autopilot.gke.io/resource-adjustment": "{\"input\":{\"containers\":[{\"limits\":{\"cpu\":\"1\",\"memory\":\"4Gi\"},\"requests\":{\"cpu\":\"500m\",\"memory\":\"2Gi\"},\"name\":\"backend\"}]},\"output\":{\"containers\":[{\"limits\":{\"cpu\":\"1\",\"ephemeral-storage\":\"1Gi\",\"memory\":\"4Gi\"},\"requests\":{\"cpu\":\"500m\",\"ephemeral-storage\":\"1Gi\",\"memory\":\"2Gi\"},\"name\":\"backend\"}]},\"modified\":true}",
                  "autopilot.gke.io/warden-version": "31.23.0-gke.9"
                },
                "generate_name": "",
                "generation": 26,
                "labels": {
                  "app": "finbot-backend"
                },
                "name": "finbot-backend",
                "namespace": "default",
                "resource_version": "1276844",
                "uid": "ac06f537-3762-440e-a1c7-69570ec3464b"
              }
            ],
            "spec": [
              {
                "min_ready_seconds": 0,
                "paused": false,
                "progress_deadline_seconds": 600,
                "replicas": "0",
                "revision_history_limit": 10,
                "selector": [
                  {
                    "match_expressions": [],
                    "match_labels": {
                      "app": "finbot-backend"
                    }
                  }
                ],
                "strategy": [
                  {
                    "rolling_update": [
                      {
                        "max_surge": "25%",
                        "max_unavailable": "25%"
                      }
                    ],
                    "type": "RollingUpdate"
                  }
                ],
                "template": [
                  {
                    "metadata": [
                      {
                        "annotations": {},
                        "generate_name": "",
                        "generation": 0,
                        "labels": {
                          "app": "finbot-backend"
                        },
                        "name": "",
                        "namespace": "",
                        "resource_version": "",
                        "uid": ""
                      }
                    ],
                    "spec": [
                      {
                        "active_deadline_seconds": 0,
                        "affinity": [],
                        "automount_service_account_token": true,
                        "container": [
                          {
                            "args": [],
                            "command": [],
                            "env": [
                              {
                                "name": "OPENAI_API_KEY",
                                "value": "",
                                "value_from": [
                                  {
                                    "config_map_key_ref": [],
                                    "field_ref": [],
                                    "resource_field_ref": [],
                                    "secret_key_ref": [
                                      {
                                        "key": "OPENAI_API_KEY",
                                        "name": "finbot-secrets",
                                        "optional": false
                                      }
                                    ]
                                  }
                                ]
                              },
                              {
                                "name": "FRED_API_KEY",
                                "value": "",
                                "value_from": [
                                  {
                                    "config_map_key_ref": [],
                                    "field_ref": [],
                                    "resource_field_ref": [],
                                    "secret_key_ref": [
                                      {
                                        "key": "FRED_API_KEY",
                                        "name": "finbot-secrets",
                                        "optional": false
                                      }
                                    ]
                                  }
                                ]
                              },
                              {
                                "name": "TAVILY_API_KEY",
                                "value": "",
                                "value_from": [
                                  {
                                    "config_map_key_ref": [],
                                    "field_ref": [],
                                    "resource_field_ref": [],
                                    "secret_key_ref": [
                                      {
                                        "key": "TAVILY_API_KEY",
                                        "name": "finbot-secrets",
                                        "optional": false
                                      }
                                    ]
                                  }
                                ]
                              },
                              {
                                "name": "MCP_SERVER_URL",
                                "value": "",
                                "value_from": [
                                  {
                                    "config_map_key_ref": [],
                                    "field_ref": [],
                                    "resource_field_ref": [],
                                    "secret_key_ref": [
                                      {
                                        "key": "MCP_SERVER_URL",
                                        "name": "finbot-secrets",
                                        "optional": false
                                      }
                                    ]
                                  }
                                ]
                              }
                            ],
                            "env_from": [],
                            "image": "europe-west1-docker.pkg.dev/mattia-dev-2025/finbot/backend:latest",
                            "image_pull_policy": "Always",
                            "lifecycle": [],
                            "liveness_probe": [],
                            "name": "backend",
                            "port": [
                              {
                                "container_port": 8000,
                                "host_ip": "",
                                "host_port": 0,
                                "name": "",
                                "protocol": "TCP"
                              }
                            ],
                            "readiness_probe": [],
                            "resources": [
                              {
                                "limits": {
                                  "cpu": "1",
                                  "ephemeral-storage": "1Gi",
                                  "memory": "4Gi"
                                },
                                "requests": {
                                  "cpu": "500m",
                                  "ephemeral-storage": "1Gi",
                                  "memory": "2Gi"
                                }
                              }
                            ],
                            "security_context": [
                              {
                                "allow_privilege_escalation": false,
                                "capabilities": [
                                  {
                                    "add": [],
                                    "drop": [
                                      "NET_RAW"
                                    ]
                                  }
                                ],
                                "privileged": false,
                                "read_only_root_filesystem": false,
                                "run_as_group": "",
                                "run_as_non_root": false,
                                "run_as_user": "",
                                "se_linux_options": [],
                                "seccomp_profile": []
                              }
                            ],
                            "startup_probe": [],
                            "stdin": false,
                            "stdin_once": false,
                            "termination_message_path": "/dev/termination-log",
                            "termination_message_policy": "File",
                            "tty": false,
                            "volume_device": [],
                            "volume_mount": [],
                            "working_dir": ""
                          }
                        ],
                        "dns_config": [],
                        "dns_policy": "ClusterFirst",
                        "enable_service_links": true,
                        "host_aliases": [],
                        "host_ipc": false,
                        "host_network": false,
                        "host_pid": false,
                        "hostname": "",
                        "image_pull_secrets": [],
                        "init_container": [],
                        "node_name": "",
                        "node_selector": {},
                        "os": [],
                        "priority_class_name": "",
                        "readiness_gate": [],
                        "restart_policy": "Always",
                        "runtime_class_name": "",
                        "scheduler_name": "default-scheduler",
                        "security_context": [
                          {
                            "fs_group": "",
                            "fs_group_change_policy": "",
                            "run_as_group": "",
                            "run_as_non_root": false,
                            "run_as_user": "",
                            "se_linux_options": [],
                            "seccomp_profile": [
                              {
                                "localhost_profile": "",
                                "type": "RuntimeDefault"
                              }
                            ],
                            "supplemental_groups": [],
                            "sysctl": [],
                            "windows_options": []
                          }
                        ],
                        "service_account_name": "",
                        "share_process_namespace": false,
                        "subdomain": "",
                        "termination_grace_period_seconds": 30,
                        "toleration": [
                          {
                            "effect": "NoSchedule",
                            "key": "kubernetes.io/arch",
                            "operator": "Equal",
                            "toleration_seconds": "",
                            "value": "amd64"
                          }
                        ],
                        "topology_spread_constraint": [],
                        "volume": []
                      }
                    ]
                  }
                ]
              }
            ],
            "timeouts": null,
            "wait_for_rollout": true
          },
          "sensitive_attributes": [],
          "private": "eyJlMmJmYjczMC1lY2FhLTExZTYtOGY4OC0zNDM2M2JjN2M0YzAiOnsiY3JlYXRlIjo2MDAwMDAwMDAwMDAsImRlbGV0ZSI6NjAwMDAwMDAwMDAwLCJ1cGRhdGUiOjYwMDAwMDAwMDAwMH0sInNjaGVtYV92ZXJzaW9uIjoiMSJ9",
          "dependencies": [
            "data.google_client_config.default",
            "data.google_container_cluster.gke"
          ]
        }
      ]
    },
    {
      "mode": "managed",
      "type": "kubernetes_deployment",
      "name": "frontend",
      "provider": "provider[\"registry.terraform.io/hashicorp/kubernetes\"]",
      "instances": [
        {
          "schema_version": 1,
          "attributes": {
            "id": "default/finbot-frontend",
            "metadata": [
              {
                "annotations": {
                  "autopilot.gke.io/resource-adjustment": "{\"input\":{\"containers\":[{\"limits\":{\"cpu\":\"250m\",\"memory\":\"256Mi\"},\"requests\":{\"cpu\":\"250m\",\"ephemeral-storage\":\"1Gi\",\"memory\":\"256Mi\"},\"name\":\"frontend\"}]},\"output\":{\"containers\":[{\"limits\":{\"cpu\":\"250m\",\"ephemeral-storage\":\"1Gi\",\"memory\":\"256Mi\"},\"requests\":{\"cpu\":\"250m\",\"ephemeral-storage\":\"1Gi\",\"memory\":\"256Mi\"},\"name\":\"frontend\"}]},\"modified\":true}",
                  "autopilot.gke.io/warden-version": "31.23.0-gke.9"
                },
                "generate_name": "",
                "generation": 24,
                "labels": {
                  "app": "finbot-frontend"
                },
                "name": "finbot-frontend",
                "namespace": "default",
                "resource_version": "1276846",
                "uid": "044c3e73-cdbe-44c8-b073-cae89c4c7f3e"
              }
            ],
            "spec": [
              {
                "min_ready_seconds": 0,
                "paused": false,
                "progress_deadline_seconds": 600,
                "replicas": "0",
                "revision_history_limit": 10,
                "selector": [
                  {
                    "match_expressions": [],
                    "match_labels": {
                      "app": "finbot-frontend"
                    }
                  }
                ],
                "strategy": [
                  {
                    "rolling_update": [
                      {
                        "max_surge": "25%",
                        "max_unavailable": "25%"
                      }
                    ],
                    "type": "RollingUpdate"
                  }
                ],
                "template": [
                  {
                    "metadata": [
                      {
                        "annotations": {},
                        "generate_name": "",
                        "generation": 0,
                        "labels": {
                          "app": "finbot-frontend"
                        },
                        "name": "",
                        "namespace": "",
                        "resource_version": "",
                        "uid": ""
                      }
                    ],
                    "spec": [
                      {
                        "active_deadline_seconds": 0,
                        "affinity": [],
                        "automount_service_account_token": true,
                        "container": [
                          {
                            "args": [
                              "--timeout",
                              "120",
                              "-b",
                              "0.0.0.0:8502",
                              "ui.ui_dash:server"
                            ],
                            "command": [
                              "gunicorn"
                            ],
                            "env": [
                              {
                                "name": "API_URL",
                                "value": "http://finbot-backend:8000",
                                "value_from": []
                              }
                            ],
                            "env_from": [],
                            "image": "europe-west1-docker.pkg.dev/mattia-dev-2025/finbot/frontend:latest",
                            "image_pull_policy": "Always",
                            "lifecycle": [],
                            "liveness_probe": [],
                            "name": "frontend",
                            "port": [
                              {
                                "container_port": 8502,
                                "host_ip": "",
                                "host_port": 0,
                                "name": "",
                                "protocol": "TCP"
                              }
                            ],
                            "readiness_probe": [],
                            "resources": [
                              {
                                "limits": {
                                  "cpu": "250m",
                                  "ephemeral-storage": "1Gi",
                                  "memory": "256Mi"
                                },
                                "requests": {
                                  "cpu": "250m",
                                  "ephemeral-storage": "1Gi",
                                  "memory": "256Mi"
                                }
                              }
                            ],
                            "security_context": [
                              {
                                "allow_privilege_escalation": false,
                                "capabilities": [
                                  {
                                    "add": [],
                                    "drop": [
                                      "NET_RAW"
                                    ]
                                  }
                                ],
                                "privileged": false,
                                "read_only_root_filesystem": false,
                                "run_as_group": "",
                                "run_as_non_root": false,
                                "run_as_user": "",
                                "se_linux_options": [],
                                "seccomp_profile": []
                              }
                            ],
                            "startup_probe": [],
                            "stdin": false,
                            "stdin_once": false,
                            "termination_message_path": "/dev/termination-log",
                            "termination_message_policy": "File",
                            "tty": false,
                            "volume_device": [],
                            "volume_mount": [],
                            "working_dir": ""
                          }
                        ],
                        "dns_config": [],
                        "dns_policy": "ClusterFirst",
                        "enable_service_links": true,
                        "host_aliases": [],
                        "host_ipc": false,
                        "host_network": false,
                        "host_pid": false,
                        "hostname": "",
                        "image_pull_secrets": [],
                        "init_container": [],
                        "node_name": "",
                        "node_selector": {},
                        "os": [],
                        "priority_class_name": "",
                        "readiness_gate": [],
                        "restart_policy": "Always",
                        "runtime_class_name": "",
                        "scheduler_name": "default-scheduler",
                        "security_context": [
                          {
                            "fs_group": "",
                            "fs_group_change_policy": "",
                            "run_as_group": "",
                            "run_as_non_root": false,
                            "run_as_user": "",
                            "se_linux_options": [],
                            "seccomp_profile": [
                              {
                                "localhost_profile": "",
                                "type": "RuntimeDefault"
                              }
                            ],
                            "supplemental_groups": [],
                            "sysctl": [],
                            "windows_options": []
                          }
                        ],
                        "service_account_name": "",
                        "share_process_namespace": false,
                        "subdomain": "",
                        "termination_grace_period_seconds": 30,
                        "toleration": [
                          {
                            "effect": "NoSchedule",
                            "key": "kubernetes.io/arch",
                            "operator": "Equal",
                            "toleration_seconds": "",
                            "value": "amd64"
                          }
                        ],
                        "topology_spread_constraint": [],
                        "volume": []
                      }
                    ]
                  }
                ]
              }
            ],
            "timeouts": null,
            "wait_for_rollout": true
          },
          "sensitive_attributes": [],
          "private": "eyJlMmJmYjczMC1lY2FhLTExZTYtOGY4OC0zNDM2M2JjN2M0YzAiOnsiY3JlYXRlIjo2MDAwMDAwMDAwMDAsImRlbGV0ZSI6NjAwMDAwMDAwMDAwLCJ1cGRhdGUiOjYwMDAwMDAwMDAwMH0sInNjaGVtYV92ZXJzaW9uIjoiMSJ9",
          "dependencies": [
            "data.google_client_config.default",
            "data.google_container_cluster.gke"
          ]
        }
      ]
    },
    {
      "mode": "managed",
      "type": "kubernetes_deployment",
      "name": "mcp",
      "provider": "provider[\"registry.terraform.io/hashicorp/kubernetes\"]",
      "instances": [
        {
          "schema_version": 1,
          "attributes": {
            "id": "default/finbot-mcp",
            "metadata": [
              {
                "annotations": {
                  "autopilot.gke.io/resource-adjustment": "{\"input\":{\"containers\":[{\"limits\":{\"cpu\":\"500m\",\"memory\":\"1Gi\"},\"requests\":{\"cpu\":\"250m\",\"memory\":\"512Mi\"},\"name\":\"mcp\"}]},\"output\":{\"containers\":[{\"limits\":{\"cpu\":\"500m\",\"ephemeral-storage\":\"1Gi\",\"memory\":\"1Gi\"},\"requests\":{\"cpu\":\"250m\",\"ephemeral-storage\":\"1Gi\",\"memory\":\"512Mi\"},\"name\":\"mcp\"}]},\"modified\":true}",
                  "autopilot.gke.io/warden-version": "31.23.0-gke.9"
                },
                "generate_name": "",
                "generation": 4,
                "labels": {
                  "app": "finbot-mcp"
                },
                "name": "finbot-mcp",
                "namespace": "default",
                "resource_version": "1276840",
                "uid": "333ba4ab-6832-46c5-82df-0b91e27bf67c"
              }
            ],
            "spec": [
              {
                "min_ready_seconds": 0,
                "paused": false,
                "progress_deadline_seconds": 600,
                "replicas": "0",
                "revision_history_limit": 10,
                "selector": [
                  {
                    "match_expressions": [],
                    "match_labels": {
                      "app": "finbot-mcp"
                    }
                  }
                ],
                "strategy": [
                  {
                    "rolling_update": [
                      {
                        "max_surge": "25%",
                        "max_unavailable": "25%"
                      }
                    ],
                    "type": "RollingUpdate"
                  }
                ],
                "template": [
                  {
                    "metadata": [
                      {
                        "annotations": {},
                        "generate_name": "",
                        "generation": 0,
                        "labels": {
                          "app": "finbot-mcp"
                        },
                        "name": "",
                        "namespace": "",
                        "resource_version": "",
                        "uid": ""
                      }
                    ],
                    "spec": [
                      {
                        "active_deadline_seconds": 0,
                        "affinity": [],
                        "automount_service_account_token": true,
                        "container": [
                          {
                            "args": [],
                            "command": [],
                            "env": [
                              {
                                "name": "FRED_API_KEY",
                                "value": "",
                                "value_from": [
                                  {
                                    "config_map_key_ref": [],
                                    "field_ref": [],
                                    "resource_field_ref": [],
                                    "secret_key_ref": [
                                      {
                                        "key": "FRED_API_KEY",
                                        "name": "finbot-secrets",
                                        "optional": false
                                      }
                                    ]
                                  }
                                ]
                              },
                              {
                                "name": "TAVILY_API_KEY",
                                "value": "",
                                "value_from": [
                                  {
                                    "config_map_key_ref": [],
                                    "field_ref": [],
                                    "resource_field_ref": [],
                                    "secret_key_ref": [
                                      {
                                        "key": "TAVILY_API_KEY",
                                        "name": "finbot-secrets",
                                        "optional": false
                                      }
                                    ]
                                  }
                                ]
                              }
                            ],
                            "env_from": [],
                            "image": "europe-west1-docker.pkg.dev/mattia-dev-2025/finbot/mcp:latest",
                            "image_pull_policy": "Always",
                            "lifecycle": [],
                            "liveness_probe": [],
                            "name": "mcp",
                            "port": [
                              {
                                "container_port": 5005,
                                "host_ip": "",
                                "host_port": 0,
                                "name": "",
                                "protocol": "TCP"
                              }
                            ],
                            "readiness_probe": [],
                            "resources": [
                              {
                                "limits": {
                                  "cpu": "500m",
                                  "ephemeral-storage": "1Gi",
                                  "memory": "1Gi"
                                },
                                "requests": {
                                  "cpu": "250m",
                                  "ephemeral-storage": "1Gi",
                                  "memory": "512Mi"
                                }
                              }
                            ],
                            "security_context": [
                              {
                                "allow_privilege_escalation": false,
                                "capabilities": [
                                  {
                                    "add": [],
                                    "drop": [
                                      "NET_RAW"
                                    ]
                                  }
                                ],
                                "privileged": false,
                                "read_only_root_filesystem": false,
                                "run_as_group": "",
                                "run_as_non_root": false,
                                "run_as_user": "",
                                "se_linux_options": [],
                                "seccomp_profile": []
                              }
                            ],
                            "startup_probe": [],
                            "stdin": false,
                            "stdin_once": false,
                            "termination_message_path": "/dev/termination-log",
                            "termination_message_policy": "File",
                            "tty": false,
                            "volume_device": [],
                            "volume_mount": [],
                            "working_dir": ""
                          }
                        ],
                        "dns_config": [],
                        "dns_policy": "ClusterFirst",
                        "enable_service_links": true,
                        "host_aliases": [],
                        "host_ipc": false,
                        "host_network": false,
                        "host_pid": false,
                        "hostname": "",
                        "image_pull_secrets": [],
                        "init_container": [],
                        "node_name": "",
                        "node_selector": {},
                        "os": [],
                        "priority_class_name": "",
                        "readiness_gate": [],
                        "restart_policy": "Always",
                        "runtime_class_name": "",
                        "scheduler_name": "default-scheduler",
                        "security_context": [
                          {
                            "fs_group": "",
                            "fs_group_change_policy": "",
                            "run_as_group": "",
                            "run_as_non_root": false,
                            "run_as_user": "",
                            "se_linux_options": [],
                            "seccomp_profile": [
                              {
                                "localhost_profile": "",
                                "type": "RuntimeDefault"
                              }
                            ],
                            "supplemental_groups": [],
                            "sysctl": [],
                            "windows_options": []
                          }
                        ],
                        "service_account_name": "",
                        "share_process_namespace": false,
                        "subdomain": "",
                        "termination_grace_period_seconds": 30,
                        "toleration": [
                          {
                            "effect": "NoSchedule",
                            "key": "kubernetes.io/arch",
                            "operator": "Equal",
                            "toleration_seconds": "",
                            "value": "amd64"
                          }
                        ],
                        "topology_spread_constraint": [],
                        "volume": []
                      }
                    ]
                  }
                ]
              }
            ],
            "timeouts": null,
            "wait_for_rollout": true
          },
          "sensitive_attributes": [],
          "private": "eyJlMmJmYjczMC1lY2FhLTExZTYtOGY4OC0zNDM2M2JjN2M0YzAiOnsiY3JlYXRlIjo2MDAwMDAwMDAwMDAsImRlbGV0ZSI6NjAwMDAwMDAwMDAwLCJ1cGRhdGUiOjYwMDAwMDAwMDAwMH0sInNjaGVtYV92ZXJzaW9uIjoiMSJ9",
          "dependencies": [
            "data.google_client_config.default",
            "data.google_container_cluster.gke"
          ]
        }
      ]
    },
    {
      "mode": "managed",
      "type": "kubernetes_ingress_v1",
      "name": "frontend_ingress",
      "provider": "provider[\"registry.terraform.io/hashicorp/kubernetes\"]",
      "instances": [
        {
          "schema_version": 0,
          "attributes": {
            "id": "default/finbot-ingress",
            "metadata": [
              {
                "annotations": {
                  "ingress.kubernetes.io/whitelist-source-range": "101.57.38.236/32",
                  "kubernetes.io/ingress.class": "gce",
                  "networking.gke.io/enable-global-access": "true",
                  "networking.gke.io/managed-certificates": "finbot-cert"
                },
                "generate_name": "",
                "generation": 1,
                "labels": {},
                "name": "finbot-ingress",
                "namespace": "default",
                "resource_version": "1264700",
                "uid": "44d470c8-dfcf-4ca5-97f6-f39b52ea846b"
              }
            ],
            "spec": [
              {
                "default_backend": [
                  {
                    "resource": [],
                    "service": [
                      {
                        "name": "finbot-frontend",
                        "port": [
                          {
                            "name": "",
                            "number": 80
                          }
                        ]
                      }
                    ]
                  }
                ],
                "ingress_class_name": "",
                "rule": [],
                "tls": []
              }
            ],
            "status": [
              {
                "load_balancer": [
                  {
                    "ingress": [
                      {
                        "hostname": "",
                        "ip": "34.149.14.254"
                      }
                    ]
                  }
                ]
              }
            ],
            "timeouts": null,
            "wait_for_load_balancer": null
          },
          "sensitive_attributes": [],
          "private": "eyJlMmJmYjczMC1lY2FhLTExZTYtOGY4OC0zNDM2M2JjN2M0YzAiOnsiY3JlYXRlIjoxMjAwMDAwMDAwMDAwLCJkZWxldGUiOjEyMDAwMDAwMDAwMDB9fQ==",
          "dependencies": [
            "data.google_client_config.default",
            "data.google_container_cluster.gke",
            "google_container_cluster.gke",
            "kubernetes_service.frontend"
          ]
        }
      ]
    },
    {
      "mode": "managed",
      "type": "kubernetes_service",
      "name": "backend",
      "provider": "provider[\"registry.terraform.io/hashicorp/kubernetes\"]",
      "instances": [
        {
          "schema_version": 1,
          "attributes": {
            "id": "default/finbot-backend",
            "metadata": [
              {
                "annotations": {},
                "generate_name": "",
                "generation": 0,
                "labels": {},
                "name": "finbot-backend",
                "namespace": "default",
                "resource_version": "35263",
                "uid": "368a21a8-b8e9-4824-8186-be720d38e06c"
              }
            ],
            "spec": [
              {
                "allocate_load_balancer_node_ports": true,
                "cluster_ip": "34.118.226.20",
                "cluster_ips": [
                  "34.118.226.20"
                ],
                "external_ips": [],
                "external_name": "",
                "external_traffic_policy": "",
                "health_check_node_port": 0,
                "internal_traffic_policy": "Cluster",
                "ip_families": [
                  "IPv4"
                ],
                "ip_family_policy": "SingleStack",
                "load_balancer_class": "",
                "load_balancer_ip": "",
                "load_balancer_source_ranges": [],
                "port": [
                  {
                    "app_protocol": "",
                    "name": "",
                    "node_port": 0,
                    "port": 8000,
                    "protocol": "TCP",
                    "target_port": "8000"
                  }
                ],
                "publish_not_ready_addresses": false,
                "selector": {
                  "app": "finbot-backend"
                },
                "session_affinity": "None",
                "session_affinity_config": [],
                "type": "ClusterIP"
              }
            ],
            "status": [
              {
                "load_balancer": [
                  {
                    "ingress": []
                  }
                ]
              }
            ],
            "timeouts": null,
            "wait_for_load_balancer": true
          },
          "sensitive_attributes": [],
          "private": "eyJlMmJmYjczMC1lY2FhLTExZTYtOGY4OC0zNDM2M2JjN2M0YzAiOnsiY3JlYXRlIjo2MDAwMDAwMDAwMDB9LCJzY2hlbWFfdmVyc2lvbiI6IjEifQ==",
          "dependencies": [
            "data.google_client_config.default",
            "data.google_container_cluster.gke",
            "google_container_cluster.gke"
          ]
        }
      ]
    },
    {
      "mode": "managed",
      "type": "kubernetes_service",
      "name": "frontend",
      "provider": "provider[\"registry.terraform.io/hashicorp/kubernetes\"]",
      "instances": [
        {
          "schema_version": 1,
          "attributes": {
            "id": "default/finbot-frontend",
            "metadata": [
              {
                "annotations": {},
                "generate_name": "",
                "generation": 0,
                "labels": {
                  "app": "finbot-frontend"
                },
                "name": "finbot-frontend",
                "namespace": "default",
                "resource_version": "35262",
                "uid": "3b46854f-5e04-4bed-884c-eede9d0622ea"
              }
            ],
            "spec": [
              {
                "allocate_load_balancer_node_ports": true,
                "cluster_ip": "34.118.230.184",
                "cluster_ips": [
                  "34.118.230.184"
                ],
                "external_ips": [],
                "external_name": "",
                "external_traffic_policy": "Cluster",
                "health_check_node_port": 0,
                "internal_traffic_policy": "Cluster",
                "ip_families": [
                  "IPv4"
                ],
                "ip_family_policy": "SingleStack",
                "load_balancer_class": "",
                "load_balancer_ip": "",
                "load_balancer_source_ranges": [],
                "port": [
                  {
                    "app_protocol": "",
                    "name": "",
                    "node_port": 31232,
                    "port": 80,
                    "protocol": "TCP",
                    "target_port": "8502"
                  }
                ],
                "publish_not_ready_addresses": false,
                "selector": {
                  "app": "finbot-frontend"
                },
                "session_affinity": "None",
                "session_affinity_config": [],
                "type": "NodePort"
              }
            ],
            "status": [
              {
                "load_balancer": [
                  {
                    "ingress": []
                  }
                ]
              }
            ],
            "timeouts": null,
            "wait_for_load_balancer": true
          },
          "sensitive_attributes": [],
          "private": "eyJlMmJmYjczMC1lY2FhLTExZTYtOGY4OC0zNDM2M2JjN2M0YzAiOnsiY3JlYXRlIjo2MDAwMDAwMDAwMDB9LCJzY2hlbWFfdmVyc2lvbiI6IjEifQ==",
          "dependencies": [
            "data.google_client_config.default",
            "data.google_container_cluster.gke",
            "google_container_cluster.gke"
          ]
        }
      ]
    },
    {
      "mode": "managed",
      "type": "kubernetes_service",
      "name": "mcp",
      "provider": "provider[\"registry.terraform.io/hashicorp/kubernetes\"]",
      "instances": [
        {
          "schema_version": 1,
          "attributes": {
            "id": "default/finbot-mcp",
            "metadata": [
              {
                "annotations": {},
                "generate_name": "",
                "generation": 0,
                "labels": {},
                "name": "finbot-mcp",
                "namespace": "default",
                "resource_version": "1265599",
                "uid": "91d12671-4188-45e8-a216-8bcc5e4fea1b"
              }
            ],
            "spec": [
              {
                "allocate_load_balancer_node_ports": true,
                "cluster_ip": "34.118.231.167",
                "cluster_ips": [
                  "34.118.231.167"
                ],
                "external_ips": [],
                "external_name": "",
                "external_traffic_policy": "",
                "health_check_node_port": 0,
                "internal_traffic_policy": "Cluster",
                "ip_families": [
                  "IPv4"
                ],
                "ip_family_policy": "SingleStack",
                "load_balancer_class": "",
                "load_balancer_ip": "",
                "load_balancer_source_ranges": [],
                "port": [
                  {
                    "app_protocol": "",
                    "name": "",
                    "node_port": 0,
                    "port": 5005,
                    "protocol": "TCP",
                    "target_port": "5005"
                  }
                ],
                "publish_not_ready_addresses": false,
                "selector": {
                  "app": "finbot-mcp"
                },
                "session_affinity": "None",
                "session_affinity_config": [],
                "type": "ClusterIP"
              }
            ],
            "status": [
              {
                "load_balancer": [
                  {
                    "ingress": []
                  }
                ]
              }
            ],
            "timeouts": null,
            "wait_for_load_balancer": true
          },
          "sensitive_attributes": [],
          "private": "eyJlMmJmYjczMC1lY2FhLTExZTYtOGY4OC0zNDM2M2JjN2M0YzAiOnsiY3JlYXRlIjo2MDAwMDAwMDAwMDB9LCJzY2hlbWFfdmVyc2lvbiI6IjEifQ==",
          "dependencies": [
            "data.google_client_config.default",
            "data.google_container_cluster.gke",
            "google_container_cluster.gke"
          ]
        }
      ]
    }
  ],
  "check_results": null
}
